// !$*UTF8*$!
{
	archiveVersion = 1;
	classes = {
	};
	objectVersion = 46;
	objects = {

/* Begin PBXBuildFile section */
		182513451F21CAC30039F4A2 /* main.m in Sources */ = {isa = PBXBuildFile; fileRef = 182513441F21CAC30039F4A2 /* main.m */; };
		182513481F21CAC30039F4A2 /* AppDelegate.m in Sources */ = {isa = PBXBuildFile; fileRef = 182513471F21CAC30039F4A2 /* AppDelegate.m */; };
		1825134B1F21CAC30039F4A2 /* ViewController.m in Sources */ = {isa = PBXBuildFile; fileRef = 1825134A1F21CAC30039F4A2 /* ViewController.m */; };
		1825134E1F21CAC30039F4A2 /* Main.storyboard in Resources */ = {isa = PBXBuildFile; fileRef = 1825134C1F21CAC30039F4A2 /* Main.storyboard */; };
		182513501F21CAC30039F4A2 /* Assets.xcassets in Resources */ = {isa = PBXBuildFile; fileRef = 1825134F1F21CAC30039F4A2 /* Assets.xcassets */; };
		182513531F21CAC30039F4A2 /* LaunchScreen.storyboard in Resources */ = {isa = PBXBuildFile; fileRef = 182513511F21CAC30039F4A2 /* LaunchScreen.storyboard */; };
		1825135E1F21CAC30039F4A2 /* SGPagingViewExampleTests.m in Sources */ = {isa = PBXBuildFile; fileRef = 1825135D1F21CAC30039F4A2 /* SGPagingViewExampleTests.m */; };
		182513691F21CAC30039F4A2 /* SGPagingViewExampleUITests.m in Sources */ = {isa = PBXBuildFile; fileRef = 182513681F21CAC30039F4A2 /* SGPagingViewExampleUITests.m */; };
		182513D21F21CC340039F4A2 /* NavigationBarVC.m in Sources */ = {isa = PBXBuildFile; fileRef = 182513B11F21CC340039F4A2 /* NavigationBarVC.m */; };
		182513D31F21CC340039F4A2 /* NavigationBarTitleView.m in Sources */ = {isa = PBXBuildFile; fileRef = 182513B41F21CC340039F4A2 /* NavigationBarTitleView.m */; };
		182513E91F21D1600039F4A2 /* UIView+SGPagingView.m in Sources */ = {isa = PBXBuildFile; fileRef = 182513DD1F21D1600039F4A2 /* UIView+SGPagingView.m */; };
		182513EA1F21D1600039F4A2 /* SGPageContentScrollView.m in Sources */ = {isa = PBXBuildFile; fileRef = 182513E01F21D1600039F4A2 /* SGPageContentScrollView.m */; };
		18B036D21F21D835004C7DE7 /* SGPageTitleView.m in Sources */ = {isa = PBXBuildFile; fileRef = 18B036D11F21D835004C7DE7 /* SGPageTitleView.m */; };
		8D0F8E311FD95DE300F30426 /* DefaultCoverVC.m in Sources */ = {isa = PBXBuildFile; fileRef = 8D0F8E1E1FD95DE300F30426 /* DefaultCoverVC.m */; };
		8D0F8E321FD95DE300F30426 /* DefaultFixedVC.m in Sources */ = {isa = PBXBuildFile; fileRef = 8D0F8E201FD95DE300F30426 /* DefaultFixedVC.m */; };
		8D0F8E331FD95DE300F30426 /* DefaultGradientEffectVC.m in Sources */ = {isa = PBXBuildFile; fileRef = 8D0F8E221FD95DE300F30426 /* DefaultGradientEffectVC.m */; };
		8D0F8E341FD95DE300F30426 /* DefaultPopGestureVC.m in Sources */ = {isa = PBXBuildFile; fileRef = 8D0F8E241FD95DE300F30426 /* DefaultPopGestureVC.m */; };
		8D0F8E361FD95DE300F30426 /* DefaultScrollVC.m in Sources */ = {isa = PBXBuildFile; fileRef = 8D0F8E281FD95DE300F30426 /* DefaultScrollVC.m */; };
		8D0F8E371FD95DE300F30426 /* DefaultStaticVC.m in Sources */ = {isa = PBXBuildFile; fileRef = 8D0F8E2A1FD95DE300F30426 /* DefaultStaticVC.m */; };
		8D0F8E381FD95DE300F30426 /* DefaultThreeCoverVC.m in Sources */ = {isa = PBXBuildFile; fileRef = 8D0F8E2C1FD95DE300F30426 /* DefaultThreeCoverVC.m */; };
		8D0F8E391FD95DE300F30426 /* DefaultTwoCoverVC.m in Sources */ = {isa = PBXBuildFile; fileRef = 8D0F8E2E1FD95DE300F30426 /* DefaultTwoCoverVC.m */; };
		8D0F8E3A1FD95DE300F30426 /* DefaultZoomVC.m in Sources */ = {isa = PBXBuildFile; fileRef = 8D0F8E301FD95DE300F30426 /* DefaultZoomVC.m */; };
		8D0F8E5F1FD95E2300F30426 /* ChildFirstPopGestureNextVC.m in Sources */ = {isa = PBXBuildFile; fileRef = 8D0F8E3D1FD95E2300F30426 /* ChildFirstPopGestureNextVC.m */; };
		8D0F8E601FD95E2300F30426 /* ChildFirstPopGestureNextVC.xib in Resources */ = {isa = PBXBuildFile; fileRef = 8D0F8E3E1FD95E2300F30426 /* ChildFirstPopGestureNextVC.xib */; };
		8D0F8E611FD95E2300F30426 /* ChildFirstPopGestureVC.m in Sources */ = {isa = PBXBuildFile; fileRef = 8D0F8E401FD95E2300F30426 /* ChildFirstPopGestureVC.m */; };
		8D0F8E621FD95E2300F30426 /* ChildFourthPopGestureNextVC.m in Sources */ = {isa = PBXBuildFile; fileRef = 8D0F8E421FD95E2300F30426 /* ChildFourthPopGestureNextVC.m */; };
		8D0F8E631FD95E2300F30426 /* ChildFourthPopGestureNextVC.xib in Resources */ = {isa = PBXBuildFile; fileRef = 8D0F8E431FD95E2300F30426 /* ChildFourthPopGestureNextVC.xib */; };
		8D0F8E641FD95E2300F30426 /* ChildFourthPopGestureVC.m in Sources */ = {isa = PBXBuildFile; fileRef = 8D0F8E451FD95E2300F30426 /* ChildFourthPopGestureVC.m */; };
		8D0F8E651FD95E2300F30426 /* ChildFourthPopGestureVC.xib in Resources */ = {isa = PBXBuildFile; fileRef = 8D0F8E461FD95E2300F30426 /* ChildFourthPopGestureVC.xib */; };
		8D0F8E661FD95E2300F30426 /* ChildVCEight.m in Sources */ = {isa = PBXBuildFile; fileRef = 8D0F8E481FD95E2300F30426 /* ChildVCEight.m */; };
		8D0F8E671FD95E2300F30426 /* ChildVCFive.m in Sources */ = {isa = PBXBuildFile; fileRef = 8D0F8E4A1FD95E2300F30426 /* ChildVCFive.m */; };
		8D0F8E681FD95E2300F30426 /* ChildVCFour.m in Sources */ = {isa = PBXBuildFile; fileRef = 8D0F8E4C1FD95E2300F30426 /* ChildVCFour.m */; };
		8D0F8E691FD95E2300F30426 /* ChildVCFour.xib in Resources */ = {isa = PBXBuildFile; fileRef = 8D0F8E4D1FD95E2300F30426 /* ChildVCFour.xib */; };
		8D0F8E6A1FD95E2300F30426 /* ChildVCFull.m in Sources */ = {isa = PBXBuildFile; fileRef = 8D0F8E4F1FD95E2300F30426 /* ChildVCFull.m */; };
		8D0F8E6B1FD95E2300F30426 /* ChildVCFull.xib in Resources */ = {isa = PBXBuildFile; fileRef = 8D0F8E501FD95E2300F30426 /* ChildVCFull.xib */; };
		8D0F8E6C1FD95E2300F30426 /* ChildVCNine.m in Sources */ = {isa = PBXBuildFile; fileRef = 8D0F8E521FD95E2300F30426 /* ChildVCNine.m */; };
		8D0F8E6D1FD95E2300F30426 /* ChildVCOne.m in Sources */ = {isa = PBXBuildFile; fileRef = 8D0F8E541FD95E2300F30426 /* ChildVCOne.m */; };
		8D0F8E6E1FD95E2300F30426 /* ChildVCSeven.m in Sources */ = {isa = PBXBuildFile; fileRef = 8D0F8E561FD95E2300F30426 /* ChildVCSeven.m */; };
		8D0F8E6F1FD95E2300F30426 /* ChildVCSix.m in Sources */ = {isa = PBXBuildFile; fileRef = 8D0F8E581FD95E2300F30426 /* ChildVCSix.m */; };
		8D0F8E701FD95E2300F30426 /* ChildVCThree.m in Sources */ = {isa = PBXBuildFile; fileRef = 8D0F8E5A1FD95E2300F30426 /* ChildVCThree.m */; };
		8D0F8E711FD95E2300F30426 /* ChildVCThree.xib in Resources */ = {isa = PBXBuildFile; fileRef = 8D0F8E5B1FD95E2300F30426 /* ChildVCThree.xib */; };
		8D0F8E721FD95E2300F30426 /* ChildVCTwo.m in Sources */ = {isa = PBXBuildFile; fileRef = 8D0F8E5D1FD95E2300F30426 /* ChildVCTwo.m */; };
		8D0F8E731FD95E2300F30426 /* ChildVCTwo.xib in Resources */ = {isa = PBXBuildFile; fileRef = 8D0F8E5E1FD95E2300F30426 /* ChildVCTwo.xib */; };
		8D1A05F820B441B800743EAD /* DefaultAttributedTitleVC.m in Sources */ = {isa = PBXBuildFile; fileRef = 8D1A05F720B441B800743EAD /* DefaultAttributedTitleVC.m */; };
		8D1D282521114426009B3DF4 /* ChhildTempPopGestureVC.m in Sources */ = {isa = PBXBuildFile; fileRef = 8D1D282321114426009B3DF4 /* ChhildTempPopGestureVC.m */; };
		8D1D282621114426009B3DF4 /* ChhildTempPopGestureVC.xib in Resources */ = {isa = PBXBuildFile; fileRef = 8D1D282421114426009B3DF4 /* ChhildTempPopGestureVC.xib */; };
		8D5E68C620F0F6CC0068044C /* NSString+SGPagingView.m in Sources */ = {isa = PBXBuildFile; fileRef = 8D5E68C420F0F6CC0068044C /* NSString+SGPagingView.m */; };
		8D5E68CF20F2FA140068044C /* DefaultAnimatedVC.m in Sources */ = {isa = PBXBuildFile; fileRef = 8D5E68CE20F2FA140068044C /* DefaultAnimatedVC.m */; };
		8DA4304120BBE3D600C47917 /* SGPageContentCollectionView.m in Sources */ = {isa = PBXBuildFile; fileRef = 8DA4303F20BBE3D500C47917 /* SGPageContentCollectionView.m */; };
		8DA4304420BBEDEC00C47917 /* UIButton+SGPagingView.m in Sources */ = {isa = PBXBuildFile; fileRef = 8DA4304320BBEDEC00C47917 /* UIButton+SGPagingView.m */; };
		8DA4304720BBEF3B00C47917 /* DefaultImageVC.m in Sources */ = {isa = PBXBuildFile; fileRef = 8DA4304620BBEF3B00C47917 /* DefaultImageVC.m */; };
		8DCB02AA1F95B0FF00C9598A /* SGPageTitleViewConfigure.m in Sources */ = {isa = PBXBuildFile; fileRef = 8DCB02A91F95B0FF00C9598A /* SGPageTitleViewConfigure.m */; };
		8DF628F720A94CBA00B7B85A /* DefaultSystemVC.m in Sources */ = {isa = PBXBuildFile; fileRef = 8DF628F620A94CBA00B7B85A /* DefaultSystemVC.m */; };
		9A3EDE201FF4C5C600DC1EB2 /* DefaultDynamicVC.m in Sources */ = {isa = PBXBuildFile; fileRef = 9A3EDE1F1FF4C5C600DC1EB2 /* DefaultDynamicVC.m */; };
/* End PBXBuildFile section */

/* Begin PBXContainerItemProxy section */
		1825135A1F21CAC30039F4A2 /* PBXContainerItemProxy */ = {
			isa = PBXContainerItemProxy;
			containerPortal = 182513381F21CAC30039F4A2 /* Project object */;
			proxyType = 1;
			remoteGlobalIDString = 1825133F1F21CAC30039F4A2;
			remoteInfo = SGPagingViewExample;
		};
		182513651F21CAC30039F4A2 /* PBXContainerItemProxy */ = {
			isa = PBXContainerItemProxy;
			containerPortal = 182513381F21CAC30039F4A2 /* Project object */;
			proxyType = 1;
			remoteGlobalIDString = 1825133F1F21CAC30039F4A2;
			remoteInfo = SGPagingViewExample;
		};
/* End PBXContainerItemProxy section */

/* Begin PBXFileReference section */
		182513401F21CAC30039F4A2 /* SGPagingViewExample.app */ = {isa = PBXFileReference; explicitFileType = wrapper.application; includeInIndex = 0; path = SGPagingViewExample.app; sourceTree = BUILT_PRODUCTS_DIR; };
		182513441F21CAC30039F4A2 /* main.m */ = {isa = PBXFileReference; lastKnownFileType = sourcecode.c.objc; path = main.m; sourceTree = "<group>"; };
		182513461F21CAC30039F4A2 /* AppDelegate.h */ = {isa = PBXFileReference; lastKnownFileType = sourcecode.c.h; path = AppDelegate.h; sourceTree = "<group>"; };
		182513471F21CAC30039F4A2 /* AppDelegate.m */ = {isa = PBXFileReference; lastKnownFileType = sourcecode.c.objc; path = AppDelegate.m; sourceTree = "<group>"; };
		182513491F21CAC30039F4A2 /* ViewController.h */ = {isa = PBXFileReference; lastKnownFileType = sourcecode.c.h; path = ViewController.h; sourceTree = "<group>"; };
		1825134A1F21CAC30039F4A2 /* ViewController.m */ = {isa = PBXFileReference; lastKnownFileType = sourcecode.c.objc; path = ViewController.m; sourceTree = "<group>"; };
		1825134D1F21CAC30039F4A2 /* Base */ = {isa = PBXFileReference; lastKnownFileType = file.storyboard; name = Base; path = Base.lproj/Main.storyboard; sourceTree = "<group>"; };
		1825134F1F21CAC30039F4A2 /* Assets.xcassets */ = {isa = PBXFileReference; lastKnownFileType = folder.assetcatalog; path = Assets.xcassets; sourceTree = "<group>"; };
		182513521F21CAC30039F4A2 /* Base */ = {isa = PBXFileReference; lastKnownFileType = file.storyboard; name = Base; path = Base.lproj/LaunchScreen.storyboard; sourceTree = "<group>"; };
		182513541F21CAC30039F4A2 /* Info.plist */ = {isa = PBXFileReference; lastKnownFileType = text.plist.xml; path = Info.plist; sourceTree = "<group>"; };
		182513591F21CAC30039F4A2 /* SGPagingViewExampleTests.xctest */ = {isa = PBXFileReference; explicitFileType = wrapper.cfbundle; includeInIndex = 0; path = SGPagingViewExampleTests.xctest; sourceTree = BUILT_PRODUCTS_DIR; };
		1825135D1F21CAC30039F4A2 /* SGPagingViewExampleTests.m */ = {isa = PBXFileReference; lastKnownFileType = sourcecode.c.objc; path = SGPagingViewExampleTests.m; sourceTree = "<group>"; };
		1825135F1F21CAC30039F4A2 /* Info.plist */ = {isa = PBXFileReference; lastKnownFileType = text.plist.xml; path = Info.plist; sourceTree = "<group>"; };
		182513641F21CAC30039F4A2 /* SGPagingViewExampleUITests.xctest */ = {isa = PBXFileReference; explicitFileType = wrapper.cfbundle; includeInIndex = 0; path = SGPagingViewExampleUITests.xctest; sourceTree = BUILT_PRODUCTS_DIR; };
		182513681F21CAC30039F4A2 /* SGPagingViewExampleUITests.m */ = {isa = PBXFileReference; lastKnownFileType = sourcecode.c.objc; path = SGPagingViewExampleUITests.m; sourceTree = "<group>"; };
		1825136A1F21CAC30039F4A2 /* Info.plist */ = {isa = PBXFileReference; lastKnownFileType = text.plist.xml; path = Info.plist; sourceTree = "<group>"; };
		182513B01F21CC340039F4A2 /* NavigationBarVC.h */ = {isa = PBXFileReference; fileEncoding = 4; lastKnownFileType = sourcecode.c.h; path = NavigationBarVC.h; sourceTree = "<group>"; };
		182513B11F21CC340039F4A2 /* NavigationBarVC.m */ = {isa = PBXFileReference; fileEncoding = 4; lastKnownFileType = sourcecode.c.objc; path = NavigationBarVC.m; sourceTree = "<group>"; };
		182513B31F21CC340039F4A2 /* NavigationBarTitleView.h */ = {isa = PBXFileReference; fileEncoding = 4; lastKnownFileType = sourcecode.c.h; path = NavigationBarTitleView.h; sourceTree = "<group>"; };
		182513B41F21CC340039F4A2 /* NavigationBarTitleView.m */ = {isa = PBXFileReference; fileEncoding = 4; lastKnownFileType = sourcecode.c.objc; path = NavigationBarTitleView.m; sourceTree = "<group>"; };
		182513DC1F21D1600039F4A2 /* UIView+SGPagingView.h */ = {isa = PBXFileReference; fileEncoding = 4; lastKnownFileType = sourcecode.c.h; path = "UIView+SGPagingView.h"; sourceTree = "<group>"; };
		182513DD1F21D1600039F4A2 /* UIView+SGPagingView.m */ = {isa = PBXFileReference; fileEncoding = 4; lastKnownFileType = sourcecode.c.objc; path = "UIView+SGPagingView.m"; sourceTree = "<group>"; };
		182513DF1F21D1600039F4A2 /* SGPageContentScrollView.h */ = {isa = PBXFileReference; fileEncoding = 4; lastKnownFileType = sourcecode.c.h; path = SGPageContentScrollView.h; sourceTree = "<group>"; };
		182513E01F21D1600039F4A2 /* SGPageContentScrollView.m */ = {isa = PBXFileReference; fileEncoding = 4; lastKnownFileType = sourcecode.c.objc; path = SGPageContentScrollView.m; sourceTree = "<group>"; };
		182513EE1F21D2C90039F4A2 /* SGPagingView.h */ = {isa = PBXFileReference; fileEncoding = 4; lastKnownFileType = sourcecode.c.h; path = SGPagingView.h; sourceTree = "<group>"; };
		18B036D01F21D835004C7DE7 /* SGPageTitleView.h */ = {isa = PBXFileReference; fileEncoding = 4; lastKnownFileType = sourcecode.c.h; path = SGPageTitleView.h; sourceTree = "<group>"; };
		18B036D11F21D835004C7DE7 /* SGPageTitleView.m */ = {isa = PBXFileReference; fileEncoding = 4; lastKnownFileType = sourcecode.c.objc; path = SGPageTitleView.m; sourceTree = "<group>"; };
		8D0F8E1D1FD95DE300F30426 /* DefaultCoverVC.h */ = {isa = PBXFileReference; fileEncoding = 4; lastKnownFileType = sourcecode.c.h; path = DefaultCoverVC.h; sourceTree = "<group>"; };
		8D0F8E1E1FD95DE300F30426 /* DefaultCoverVC.m */ = {isa = PBXFileReference; fileEncoding = 4; lastKnownFileType = sourcecode.c.objc; path = DefaultCoverVC.m; sourceTree = "<group>"; };
		8D0F8E1F1FD95DE300F30426 /* DefaultFixedVC.h */ = {isa = PBXFileReference; fileEncoding = 4; lastKnownFileType = sourcecode.c.h; path = DefaultFixedVC.h; sourceTree = "<group>"; };
		8D0F8E201FD95DE300F30426 /* DefaultFixedVC.m */ = {isa = PBXFileReference; fileEncoding = 4; lastKnownFileType = sourcecode.c.objc; path = DefaultFixedVC.m; sourceTree = "<group>"; };
		8D0F8E211FD95DE300F30426 /* DefaultGradientEffectVC.h */ = {isa = PBXFileReference; fileEncoding = 4; lastKnownFileType = sourcecode.c.h; path = DefaultGradientEffectVC.h; sourceTree = "<group>"; };
		8D0F8E221FD95DE300F30426 /* DefaultGradientEffectVC.m */ = {isa = PBXFileReference; fileEncoding = 4; lastKnownFileType = sourcecode.c.objc; path = DefaultGradientEffectVC.m; sourceTree = "<group>"; };
		8D0F8E231FD95DE300F30426 /* DefaultPopGestureVC.h */ = {isa = PBXFileReference; fileEncoding = 4; lastKnownFileType = sourcecode.c.h; path = DefaultPopGestureVC.h; sourceTree = "<group>"; };
		8D0F8E241FD95DE300F30426 /* DefaultPopGestureVC.m */ = {isa = PBXFileReference; fileEncoding = 4; lastKnownFileType = sourcecode.c.objc; path = DefaultPopGestureVC.m; sourceTree = "<group>"; };
		8D0F8E271FD95DE300F30426 /* DefaultScrollVC.h */ = {isa = PBXFileReference; fileEncoding = 4; lastKnownFileType = sourcecode.c.h; path = DefaultScrollVC.h; sourceTree = "<group>"; };
		8D0F8E281FD95DE300F30426 /* DefaultScrollVC.m */ = {isa = PBXFileReference; fileEncoding = 4; lastKnownFileType = sourcecode.c.objc; path = DefaultScrollVC.m; sourceTree = "<group>"; };
		8D0F8E291FD95DE300F30426 /* DefaultStaticVC.h */ = {isa = PBXFileReference; fileEncoding = 4; lastKnownFileType = sourcecode.c.h; path = DefaultStaticVC.h; sourceTree = "<group>"; };
		8D0F8E2A1FD95DE300F30426 /* DefaultStaticVC.m */ = {isa = PBXFileReference; fileEncoding = 4; lastKnownFileType = sourcecode.c.objc; path = DefaultStaticVC.m; sourceTree = "<group>"; };
		8D0F8E2B1FD95DE300F30426 /* DefaultThreeCoverVC.h */ = {isa = PBXFileReference; fileEncoding = 4; lastKnownFileType = sourcecode.c.h; path = DefaultThreeCoverVC.h; sourceTree = "<group>"; };
		8D0F8E2C1FD95DE300F30426 /* DefaultThreeCoverVC.m */ = {isa = PBXFileReference; fileEncoding = 4; lastKnownFileType = sourcecode.c.objc; path = DefaultThreeCoverVC.m; sourceTree = "<group>"; };
		8D0F8E2D1FD95DE300F30426 /* DefaultTwoCoverVC.h */ = {isa = PBXFileReference; fileEncoding = 4; lastKnownFileType = sourcecode.c.h; path = DefaultTwoCoverVC.h; sourceTree = "<group>"; };
		8D0F8E2E1FD95DE300F30426 /* DefaultTwoCoverVC.m */ = {isa = PBXFileReference; fileEncoding = 4; lastKnownFileType = sourcecode.c.objc; path = DefaultTwoCoverVC.m; sourceTree = "<group>"; };
		8D0F8E2F1FD95DE300F30426 /* DefaultZoomVC.h */ = {isa = PBXFileReference; fileEncoding = 4; lastKnownFileType = sourcecode.c.h; path = DefaultZoomVC.h; sourceTree = "<group>"; };
		8D0F8E301FD95DE300F30426 /* DefaultZoomVC.m */ = {isa = PBXFileReference; fileEncoding = 4; lastKnownFileType = sourcecode.c.objc; path = DefaultZoomVC.m; sourceTree = "<group>"; };
		8D0F8E3C1FD95E2300F30426 /* ChildFirstPopGestureNextVC.h */ = {isa = PBXFileReference; fileEncoding = 4; lastKnownFileType = sourcecode.c.h; path = ChildFirstPopGestureNextVC.h; sourceTree = "<group>"; };
		8D0F8E3D1FD95E2300F30426 /* ChildFirstPopGestureNextVC.m */ = {isa = PBXFileReference; fileEncoding = 4; lastKnownFileType = sourcecode.c.objc; path = ChildFirstPopGestureNextVC.m; sourceTree = "<group>"; };
		8D0F8E3E1FD95E2300F30426 /* ChildFirstPopGestureNextVC.xib */ = {isa = PBXFileReference; fileEncoding = 4; lastKnownFileType = file.xib; path = ChildFirstPopGestureNextVC.xib; sourceTree = "<group>"; };
		8D0F8E3F1FD95E2300F30426 /* ChildFirstPopGestureVC.h */ = {isa = PBXFileReference; fileEncoding = 4; lastKnownFileType = sourcecode.c.h; path = ChildFirstPopGestureVC.h; sourceTree = "<group>"; };
		8D0F8E401FD95E2300F30426 /* ChildFirstPopGestureVC.m */ = {isa = PBXFileReference; fileEncoding = 4; lastKnownFileType = sourcecode.c.objc; path = ChildFirstPopGestureVC.m; sourceTree = "<group>"; };
		8D0F8E411FD95E2300F30426 /* ChildFourthPopGestureNextVC.h */ = {isa = PBXFileReference; fileEncoding = 4; lastKnownFileType = sourcecode.c.h; path = ChildFourthPopGestureNextVC.h; sourceTree = "<group>"; };
		8D0F8E421FD95E2300F30426 /* ChildFourthPopGestureNextVC.m */ = {isa = PBXFileReference; fileEncoding = 4; lastKnownFileType = sourcecode.c.objc; path = ChildFourthPopGestureNextVC.m; sourceTree = "<group>"; };
		8D0F8E431FD95E2300F30426 /* ChildFourthPopGestureNextVC.xib */ = {isa = PBXFileReference; fileEncoding = 4; lastKnownFileType = file.xib; path = ChildFourthPopGestureNextVC.xib; sourceTree = "<group>"; };
		8D0F8E441FD95E2300F30426 /* ChildFourthPopGestureVC.h */ = {isa = PBXFileReference; fileEncoding = 4; lastKnownFileType = sourcecode.c.h; path = ChildFourthPopGestureVC.h; sourceTree = "<group>"; };
		8D0F8E451FD95E2300F30426 /* ChildFourthPopGestureVC.m */ = {isa = PBXFileReference; fileEncoding = 4; lastKnownFileType = sourcecode.c.objc; path = ChildFourthPopGestureVC.m; sourceTree = "<group>"; };
		8D0F8E461FD95E2300F30426 /* ChildFourthPopGestureVC.xib */ = {isa = PBXFileReference; fileEncoding = 4; lastKnownFileType = file.xib; path = ChildFourthPopGestureVC.xib; sourceTree = "<group>"; };
		8D0F8E471FD95E2300F30426 /* ChildVCEight.h */ = {isa = PBXFileReference; fileEncoding = 4; lastKnownFileType = sourcecode.c.h; path = ChildVCEight.h; sourceTree = "<group>"; };
		8D0F8E481FD95E2300F30426 /* ChildVCEight.m */ = {isa = PBXFileReference; fileEncoding = 4; lastKnownFileType = sourcecode.c.objc; path = ChildVCEight.m; sourceTree = "<group>"; };
		8D0F8E491FD95E2300F30426 /* ChildVCFive.h */ = {isa = PBXFileReference; fileEncoding = 4; lastKnownFileType = sourcecode.c.h; path = ChildVCFive.h; sourceTree = "<group>"; };
		8D0F8E4A1FD95E2300F30426 /* ChildVCFive.m */ = {isa = PBXFileReference; fileEncoding = 4; lastKnownFileType = sourcecode.c.objc; path = ChildVCFive.m; sourceTree = "<group>"; };
		8D0F8E4B1FD95E2300F30426 /* ChildVCFour.h */ = {isa = PBXFileReference; fileEncoding = 4; lastKnownFileType = sourcecode.c.h; path = ChildVCFour.h; sourceTree = "<group>"; };
		8D0F8E4C1FD95E2300F30426 /* ChildVCFour.m */ = {isa = PBXFileReference; fileEncoding = 4; lastKnownFileType = sourcecode.c.objc; path = ChildVCFour.m; sourceTree = "<group>"; };
		8D0F8E4D1FD95E2300F30426 /* ChildVCFour.xib */ = {isa = PBXFileReference; fileEncoding = 4; lastKnownFileType = file.xib; path = ChildVCFour.xib; sourceTree = "<group>"; };
		8D0F8E4E1FD95E2300F30426 /* ChildVCFull.h */ = {isa = PBXFileReference; fileEncoding = 4; lastKnownFileType = sourcecode.c.h; path = ChildVCFull.h; sourceTree = "<group>"; };
		8D0F8E4F1FD95E2300F30426 /* ChildVCFull.m */ = {isa = PBXFileReference; fileEncoding = 4; lastKnownFileType = sourcecode.c.objc; path = ChildVCFull.m; sourceTree = "<group>"; };
		8D0F8E501FD95E2300F30426 /* ChildVCFull.xib */ = {isa = PBXFileReference; fileEncoding = 4; lastKnownFileType = file.xib; path = ChildVCFull.xib; sourceTree = "<group>"; };
		8D0F8E511FD95E2300F30426 /* ChildVCNine.h */ = {isa = PBXFileReference; fileEncoding = 4; lastKnownFileType = sourcecode.c.h; path = ChildVCNine.h; sourceTree = "<group>"; };
		8D0F8E521FD95E2300F30426 /* ChildVCNine.m */ = {isa = PBXFileReference; fileEncoding = 4; lastKnownFileType = sourcecode.c.objc; path = ChildVCNine.m; sourceTree = "<group>"; };
		8D0F8E531FD95E2300F30426 /* ChildVCOne.h */ = {isa = PBXFileReference; fileEncoding = 4; lastKnownFileType = sourcecode.c.h; path = ChildVCOne.h; sourceTree = "<group>"; };
		8D0F8E541FD95E2300F30426 /* ChildVCOne.m */ = {isa = PBXFileReference; fileEncoding = 4; lastKnownFileType = sourcecode.c.objc; path = ChildVCOne.m; sourceTree = "<group>"; };
		8D0F8E551FD95E2300F30426 /* ChildVCSeven.h */ = {isa = PBXFileReference; fileEncoding = 4; lastKnownFileType = sourcecode.c.h; path = ChildVCSeven.h; sourceTree = "<group>"; };
		8D0F8E561FD95E2300F30426 /* ChildVCSeven.m */ = {isa = PBXFileReference; fileEncoding = 4; lastKnownFileType = sourcecode.c.objc; path = ChildVCSeven.m; sourceTree = "<group>"; };
		8D0F8E571FD95E2300F30426 /* ChildVCSix.h */ = {isa = PBXFileReference; fileEncoding = 4; lastKnownFileType = sourcecode.c.h; path = ChildVCSix.h; sourceTree = "<group>"; };
		8D0F8E581FD95E2300F30426 /* ChildVCSix.m */ = {isa = PBXFileReference; fileEncoding = 4; lastKnownFileType = sourcecode.c.objc; path = ChildVCSix.m; sourceTree = "<group>"; };
		8D0F8E591FD95E2300F30426 /* ChildVCThree.h */ = {isa = PBXFileReference; fileEncoding = 4; lastKnownFileType = sourcecode.c.h; path = ChildVCThree.h; sourceTree = "<group>"; };
		8D0F8E5A1FD95E2300F30426 /* ChildVCThree.m */ = {isa = PBXFileReference; fileEncoding = 4; lastKnownFileType = sourcecode.c.objc; path = ChildVCThree.m; sourceTree = "<group>"; };
		8D0F8E5B1FD95E2300F30426 /* ChildVCThree.xib */ = {isa = PBXFileReference; fileEncoding = 4; lastKnownFileType = file.xib; path = ChildVCThree.xib; sourceTree = "<group>"; };
		8D0F8E5C1FD95E2300F30426 /* ChildVCTwo.h */ = {isa = PBXFileReference; fileEncoding = 4; lastKnownFileType = sourcecode.c.h; path = ChildVCTwo.h; sourceTree = "<group>"; };
		8D0F8E5D1FD95E2300F30426 /* ChildVCTwo.m */ = {isa = PBXFileReference; fileEncoding = 4; lastKnownFileType = sourcecode.c.objc; path = ChildVCTwo.m; sourceTree = "<group>"; };
		8D0F8E5E1FD95E2300F30426 /* ChildVCTwo.xib */ = {isa = PBXFileReference; fileEncoding = 4; lastKnownFileType = file.xib; path = ChildVCTwo.xib; sourceTree = "<group>"; };
		8D1A05F620B441B800743EAD /* DefaultAttributedTitleVC.h */ = {isa = PBXFileReference; lastKnownFileType = sourcecode.c.h; path = DefaultAttributedTitleVC.h; sourceTree = "<group>"; };
		8D1A05F720B441B800743EAD /* DefaultAttributedTitleVC.m */ = {isa = PBXFileReference; lastKnownFileType = sourcecode.c.objc; path = DefaultAttributedTitleVC.m; sourceTree = "<group>"; };
		8D1D282221114426009B3DF4 /* ChhildTempPopGestureVC.h */ = {isa = PBXFileReference; lastKnownFileType = sourcecode.c.h; path = ChhildTempPopGestureVC.h; sourceTree = "<group>"; };
		8D1D282321114426009B3DF4 /* ChhildTempPopGestureVC.m */ = {isa = PBXFileReference; lastKnownFileType = sourcecode.c.objc; path = ChhildTempPopGestureVC.m; sourceTree = "<group>"; };
		8D1D282421114426009B3DF4 /* ChhildTempPopGestureVC.xib */ = {isa = PBXFileReference; lastKnownFileType = file.xib; path = ChhildTempPopGestureVC.xib; sourceTree = "<group>"; };
		8D5E68C420F0F6CC0068044C /* NSString+SGPagingView.m */ = {isa = PBXFileReference; fileEncoding = 4; lastKnownFileType = sourcecode.c.objc; path = "NSString+SGPagingView.m"; sourceTree = "<group>"; };
		8D5E68C520F0F6CC0068044C /* NSString+SGPagingView.h */ = {isa = PBXFileReference; fileEncoding = 4; lastKnownFileType = sourcecode.c.h; path = "NSString+SGPagingView.h"; sourceTree = "<group>"; };
		8D5E68CD20F2FA140068044C /* DefaultAnimatedVC.h */ = {isa = PBXFileReference; lastKnownFileType = sourcecode.c.h; path = DefaultAnimatedVC.h; sourceTree = "<group>"; };
		8D5E68CE20F2FA140068044C /* DefaultAnimatedVC.m */ = {isa = PBXFileReference; lastKnownFileType = sourcecode.c.objc; path = DefaultAnimatedVC.m; sourceTree = "<group>"; };
		8DA4303F20BBE3D500C47917 /* SGPageContentCollectionView.m */ = {isa = PBXFileReference; fileEncoding = 4; lastKnownFileType = sourcecode.c.objc; path = SGPageContentCollectionView.m; sourceTree = "<group>"; };
		8DA4304020BBE3D600C47917 /* SGPageContentCollectionView.h */ = {isa = PBXFileReference; fileEncoding = 4; lastKnownFileType = sourcecode.c.h; path = SGPageContentCollectionView.h; sourceTree = "<group>"; };
		8DA4304220BBEDEC00C47917 /* UIButton+SGPagingView.h */ = {isa = PBXFileReference; lastKnownFileType = sourcecode.c.h; path = "UIButton+SGPagingView.h"; sourceTree = "<group>"; };
		8DA4304320BBEDEC00C47917 /* UIButton+SGPagingView.m */ = {isa = PBXFileReference; lastKnownFileType = sourcecode.c.objc; path = "UIButton+SGPagingView.m"; sourceTree = "<group>"; };
		8DA4304520BBEF3B00C47917 /* DefaultImageVC.h */ = {isa = PBXFileReference; lastKnownFileType = sourcecode.c.h; path = DefaultImageVC.h; sourceTree = "<group>"; };
		8DA4304620BBEF3B00C47917 /* DefaultImageVC.m */ = {isa = PBXFileReference; lastKnownFileType = sourcecode.c.objc; path = DefaultImageVC.m; sourceTree = "<group>"; };
		8DCB02A81F95B0FF00C9598A /* SGPageTitleViewConfigure.h */ = {isa = PBXFileReference; fileEncoding = 4; lastKnownFileType = sourcecode.c.h; path = SGPageTitleViewConfigure.h; sourceTree = "<group>"; };
		8DCB02A91F95B0FF00C9598A /* SGPageTitleViewConfigure.m */ = {isa = PBXFileReference; fileEncoding = 4; lastKnownFileType = sourcecode.c.objc; path = SGPageTitleViewConfigure.m; sourceTree = "<group>"; };
		8DF628F520A94CBA00B7B85A /* DefaultSystemVC.h */ = {isa = PBXFileReference; lastKnownFileType = sourcecode.c.h; path = DefaultSystemVC.h; sourceTree = "<group>"; };
		8DF628F620A94CBA00B7B85A /* DefaultSystemVC.m */ = {isa = PBXFileReference; lastKnownFileType = sourcecode.c.objc; path = DefaultSystemVC.m; sourceTree = "<group>"; };
		9A3EDE1E1FF4C5C600DC1EB2 /* DefaultDynamicVC.h */ = {isa = PBXFileReference; lastKnownFileType = sourcecode.c.h; path = DefaultDynamicVC.h; sourceTree = "<group>"; };
		9A3EDE1F1FF4C5C600DC1EB2 /* DefaultDynamicVC.m */ = {isa = PBXFileReference; lastKnownFileType = sourcecode.c.objc; path = DefaultDynamicVC.m; sourceTree = "<group>"; };
/* End PBXFileReference section */

/* Begin PBXFrameworksBuildPhase section */
		1825133D1F21CAC30039F4A2 /* Frameworks */ = {
			isa = PBXFrameworksBuildPhase;
			buildActionMask = 2147483647;
			files = (
			);
			runOnlyForDeploymentPostprocessing = 0;
		};
		182513561F21CAC30039F4A2 /* Frameworks */ = {
			isa = PBXFrameworksBuildPhase;
			buildActionMask = 2147483647;
			files = (
			);
			runOnlyForDeploymentPostprocessing = 0;
		};
		182513611F21CAC30039F4A2 /* Frameworks */ = {
			isa = PBXFrameworksBuildPhase;
			buildActionMask = 2147483647;
			files = (
			);
			runOnlyForDeploymentPostprocessing = 0;
		};
/* End PBXFrameworksBuildPhase section */

/* Begin PBXGroup section */
		182513371F21CAC30039F4A2 = {
			isa = PBXGroup;
			children = (
				182513DA1F21D1600039F4A2 /* SGPagingView */,
				182513421F21CAC30039F4A2 /* SGPagingViewExample */,
				1825135C1F21CAC30039F4A2 /* SGPagingViewExampleTests */,
				182513671F21CAC30039F4A2 /* SGPagingViewExampleUITests */,
				182513411F21CAC30039F4A2 /* Products */,
			);
			sourceTree = "<group>";
		};
		182513411F21CAC30039F4A2 /* Products */ = {
			isa = PBXGroup;
			children = (
				182513401F21CAC30039F4A2 /* SGPagingViewExample.app */,
				182513591F21CAC30039F4A2 /* SGPagingViewExampleTests.xctest */,
				182513641F21CAC30039F4A2 /* SGPagingViewExampleUITests.xctest */,
			);
			name = Products;
			sourceTree = "<group>";
		};
		182513421F21CAC30039F4A2 /* SGPagingViewExample */ = {
			isa = PBXGroup;
			children = (
				182513461F21CAC30039F4A2 /* AppDelegate.h */,
				182513471F21CAC30039F4A2 /* AppDelegate.m */,
				182513491F21CAC30039F4A2 /* ViewController.h */,
				1825134A1F21CAC30039F4A2 /* ViewController.m */,
				8D0F8E1C1FD95DE300F30426 /* MainVC */,
				182513AE1F21CC340039F4A2 /* NavigationBar */,
				8D0F8E3B1FD95E2300F30426 /* ChildVC */,
				1825134C1F21CAC30039F4A2 /* Main.storyboard */,
				1825134F1F21CAC30039F4A2 /* Assets.xcassets */,
				182513511F21CAC30039F4A2 /* LaunchScreen.storyboard */,
				182513541F21CAC30039F4A2 /* Info.plist */,
				182513431F21CAC30039F4A2 /* Supporting Files */,
			);
			path = SGPagingViewExample;
			sourceTree = "<group>";
		};
		182513431F21CAC30039F4A2 /* Supporting Files */ = {
			isa = PBXGroup;
			children = (
				182513441F21CAC30039F4A2 /* main.m */,
			);
			name = "Supporting Files";
			sourceTree = "<group>";
		};
		1825135C1F21CAC30039F4A2 /* SGPagingViewExampleTests */ = {
			isa = PBXGroup;
			children = (
				1825135D1F21CAC30039F4A2 /* SGPagingViewExampleTests.m */,
				1825135F1F21CAC30039F4A2 /* Info.plist */,
			);
			path = SGPagingViewExampleTests;
			sourceTree = "<group>";
		};
		182513671F21CAC30039F4A2 /* SGPagingViewExampleUITests */ = {
			isa = PBXGroup;
			children = (
				182513681F21CAC30039F4A2 /* SGPagingViewExampleUITests.m */,
				1825136A1F21CAC30039F4A2 /* Info.plist */,
			);
			path = SGPagingViewExampleUITests;
			sourceTree = "<group>";
		};
		182513AE1F21CC340039F4A2 /* NavigationBar */ = {
			isa = PBXGroup;
			children = (
				182513AF1F21CC340039F4A2 /* Controller */,
				182513B21F21CC340039F4A2 /* View */,
			);
			path = NavigationBar;
			sourceTree = "<group>";
		};
		182513AF1F21CC340039F4A2 /* Controller */ = {
			isa = PBXGroup;
			children = (
				182513B01F21CC340039F4A2 /* NavigationBarVC.h */,
				182513B11F21CC340039F4A2 /* NavigationBarVC.m */,
			);
			path = Controller;
			sourceTree = "<group>";
		};
		182513B21F21CC340039F4A2 /* View */ = {
			isa = PBXGroup;
			children = (
				182513B31F21CC340039F4A2 /* NavigationBarTitleView.h */,
				182513B41F21CC340039F4A2 /* NavigationBarTitleView.m */,
			);
			path = View;
			sourceTree = "<group>";
		};
		182513DA1F21D1600039F4A2 /* SGPagingView */ = {
			isa = PBXGroup;
			children = (
				182513EE1F21D2C90039F4A2 /* SGPagingView.h */,
				182513E31F21D1600039F4A2 /* SGPageTitle */,
				182513DE1F21D1600039F4A2 /* SGPageContent */,
				182513DB1F21D1600039F4A2 /* Category */,
			);
			path = SGPagingView;
			sourceTree = "<group>";
		};
		182513DB1F21D1600039F4A2 /* Category */ = {
			isa = PBXGroup;
			children = (
				8D5E68C520F0F6CC0068044C /* NSString+SGPagingView.h */,
				8D5E68C420F0F6CC0068044C /* NSString+SGPagingView.m */,
				8DA4304220BBEDEC00C47917 /* UIButton+SGPagingView.h */,
				8DA4304320BBEDEC00C47917 /* UIButton+SGPagingView.m */,
				182513DC1F21D1600039F4A2 /* UIView+SGPagingView.h */,
				182513DD1F21D1600039F4A2 /* UIView+SGPagingView.m */,
			);
			path = Category;
			sourceTree = "<group>";
		};
		182513DE1F21D1600039F4A2 /* SGPageContent */ = {
			isa = PBXGroup;
			children = (
				8DA4304020BBE3D600C47917 /* SGPageContentCollectionView.h */,
				8DA4303F20BBE3D500C47917 /* SGPageContentCollectionView.m */,
				182513DF1F21D1600039F4A2 /* SGPageContentScrollView.h */,
				182513E01F21D1600039F4A2 /* SGPageContentScrollView.m */,
			);
			path = SGPageContent;
			sourceTree = "<group>";
		};
		182513E31F21D1600039F4A2 /* SGPageTitle */ = {
			isa = PBXGroup;
			children = (
				8DCB02A81F95B0FF00C9598A /* SGPageTitleViewConfigure.h */,
				8DCB02A91F95B0FF00C9598A /* SGPageTitleViewConfigure.m */,
				18B036D01F21D835004C7DE7 /* SGPageTitleView.h */,
				18B036D11F21D835004C7DE7 /* SGPageTitleView.m */,
			);
			path = SGPageTitle;
			sourceTree = "<group>";
		};
		8D0F8E1C1FD95DE300F30426 /* MainVC */ = {
			isa = PBXGroup;
			children = (
				8D0F8E291FD95DE300F30426 /* DefaultStaticVC.h */,
				8D0F8E2A1FD95DE300F30426 /* DefaultStaticVC.m */,
				8D0F8E271FD95DE300F30426 /* DefaultScrollVC.h */,
				8D0F8E281FD95DE300F30426 /* DefaultScrollVC.m */,
				8DF628F520A94CBA00B7B85A /* DefaultSystemVC.h */,
				8DF628F620A94CBA00B7B85A /* DefaultSystemVC.m */,
				8DA4304520BBEF3B00C47917 /* DefaultImageVC.h */,
				8DA4304620BBEF3B00C47917 /* DefaultImageVC.m */,
				8D0F8E211FD95DE300F30426 /* DefaultGradientEffectVC.h */,
				8D0F8E221FD95DE300F30426 /* DefaultGradientEffectVC.m */,
				8D0F8E2F1FD95DE300F30426 /* DefaultZoomVC.h */,
				8D0F8E301FD95DE300F30426 /* DefaultZoomVC.m */,
				8D0F8E1F1FD95DE300F30426 /* DefaultFixedVC.h */,
				8D0F8E201FD95DE300F30426 /* DefaultFixedVC.m */,
				9A3EDE1E1FF4C5C600DC1EB2 /* DefaultDynamicVC.h */,
				9A3EDE1F1FF4C5C600DC1EB2 /* DefaultDynamicVC.m */,
				8D0F8E1D1FD95DE300F30426 /* DefaultCoverVC.h */,
				8D0F8E1E1FD95DE300F30426 /* DefaultCoverVC.m */,
				8D0F8E2D1FD95DE300F30426 /* DefaultTwoCoverVC.h */,
				8D0F8E2E1FD95DE300F30426 /* DefaultTwoCoverVC.m */,
				8D0F8E2B1FD95DE300F30426 /* DefaultThreeCoverVC.h */,
				8D0F8E2C1FD95DE300F30426 /* DefaultThreeCoverVC.m */,
				8D0F8E231FD95DE300F30426 /* DefaultPopGestureVC.h */,
				8D0F8E241FD95DE300F30426 /* DefaultPopGestureVC.m */,
				8D5E68CD20F2FA140068044C /* DefaultAnimatedVC.h */,
				8D5E68CE20F2FA140068044C /* DefaultAnimatedVC.m */,
				8D1A05F620B441B800743EAD /* DefaultAttributedTitleVC.h */,
				8D1A05F720B441B800743EAD /* DefaultAttributedTitleVC.m */,
			);
			path = MainVC;
			sourceTree = "<group>";
		};
		8D0F8E3B1FD95E2300F30426 /* ChildVC */ = {
			isa = PBXGroup;
			children = (
				8D0F8E531FD95E2300F30426 /* ChildVCOne.h */,
				8D0F8E541FD95E2300F30426 /* ChildVCOne.m */,
				8D0F8E5C1FD95E2300F30426 /* ChildVCTwo.h */,
				8D0F8E5D1FD95E2300F30426 /* ChildVCTwo.m */,
				8D0F8E5E1FD95E2300F30426 /* ChildVCTwo.xib */,
				8D0F8E591FD95E2300F30426 /* ChildVCThree.h */,
				8D0F8E5A1FD95E2300F30426 /* ChildVCThree.m */,
				8D0F8E5B1FD95E2300F30426 /* ChildVCThree.xib */,
				8D0F8E4B1FD95E2300F30426 /* ChildVCFour.h */,
				8D0F8E4C1FD95E2300F30426 /* ChildVCFour.m */,
				8D0F8E4D1FD95E2300F30426 /* ChildVCFour.xib */,
				8D0F8E491FD95E2300F30426 /* ChildVCFive.h */,
				8D0F8E4A1FD95E2300F30426 /* ChildVCFive.m */,
				8D0F8E571FD95E2300F30426 /* ChildVCSix.h */,
				8D0F8E581FD95E2300F30426 /* ChildVCSix.m */,
				8D0F8E551FD95E2300F30426 /* ChildVCSeven.h */,
				8D0F8E561FD95E2300F30426 /* ChildVCSeven.m */,
				8D0F8E471FD95E2300F30426 /* ChildVCEight.h */,
				8D0F8E481FD95E2300F30426 /* ChildVCEight.m */,
				8D0F8E511FD95E2300F30426 /* ChildVCNine.h */,
				8D0F8E521FD95E2300F30426 /* ChildVCNine.m */,
				8D0F8E4E1FD95E2300F30426 /* ChildVCFull.h */,
				8D0F8E4F1FD95E2300F30426 /* ChildVCFull.m */,
				8D0F8E501FD95E2300F30426 /* ChildVCFull.xib */,
				8D0F8E3F1FD95E2300F30426 /* ChildFirstPopGestureVC.h */,
				8D0F8E401FD95E2300F30426 /* ChildFirstPopGestureVC.m */,
				8D0F8E3C1FD95E2300F30426 /* ChildFirstPopGestureNextVC.h */,
				8D0F8E3D1FD95E2300F30426 /* ChildFirstPopGestureNextVC.m */,
				8D0F8E3E1FD95E2300F30426 /* ChildFirstPopGestureNextVC.xib */,
				8D0F8E441FD95E2300F30426 /* ChildFourthPopGestureVC.h */,
				8D0F8E451FD95E2300F30426 /* ChildFourthPopGestureVC.m */,
				8D0F8E461FD95E2300F30426 /* ChildFourthPopGestureVC.xib */,
				8D0F8E411FD95E2300F30426 /* ChildFourthPopGestureNextVC.h */,
				8D0F8E421FD95E2300F30426 /* ChildFourthPopGestureNextVC.m */,
				8D0F8E431FD95E2300F30426 /* ChildFourthPopGestureNextVC.xib */,
				8D1D282221114426009B3DF4 /* ChhildTempPopGestureVC.h */,
				8D1D282321114426009B3DF4 /* ChhildTempPopGestureVC.m */,
				8D1D282421114426009B3DF4 /* ChhildTempPopGestureVC.xib */,
			);
			path = ChildVC;
			sourceTree = "<group>";
		};
/* End PBXGroup section */

/* Begin PBXNativeTarget section */
		1825133F1F21CAC30039F4A2 /* SGPagingViewExample */ = {
			isa = PBXNativeTarget;
			buildConfigurationList = 1825136D1F21CAC30039F4A2 /* Build configuration list for PBXNativeTarget "SGPagingViewExample" */;
			buildPhases = (
				1825133C1F21CAC30039F4A2 /* Sources */,
				1825133D1F21CAC30039F4A2 /* Frameworks */,
				1825133E1F21CAC30039F4A2 /* Resources */,
			);
			buildRules = (
			);
			dependencies = (
			);
			name = SGPagingViewExample;
			productName = SGPagingViewExample;
			productReference = 182513401F21CAC30039F4A2 /* SGPagingViewExample.app */;
			productType = "com.apple.product-type.application";
		};
		182513581F21CAC30039F4A2 /* SGPagingViewExampleTests */ = {
			isa = PBXNativeTarget;
			buildConfigurationList = 182513701F21CAC30039F4A2 /* Build configuration list for PBXNativeTarget "SGPagingViewExampleTests" */;
			buildPhases = (
				182513551F21CAC30039F4A2 /* Sources */,
				182513561F21CAC30039F4A2 /* Frameworks */,
				182513571F21CAC30039F4A2 /* Resources */,
			);
			buildRules = (
			);
			dependencies = (
				1825135B1F21CAC30039F4A2 /* PBXTargetDependency */,
			);
			name = SGPagingViewExampleTests;
			productName = SGPagingViewExampleTests;
			productReference = 182513591F21CAC30039F4A2 /* SGPagingViewExampleTests.xctest */;
			productType = "com.apple.product-type.bundle.unit-test";
		};
		182513631F21CAC30039F4A2 /* SGPagingViewExampleUITests */ = {
			isa = PBXNativeTarget;
			buildConfigurationList = 182513731F21CAC30039F4A2 /* Build configuration list for PBXNativeTarget "SGPagingViewExampleUITests" */;
			buildPhases = (
				182513601F21CAC30039F4A2 /* Sources */,
				182513611F21CAC30039F4A2 /* Frameworks */,
				182513621F21CAC30039F4A2 /* Resources */,
			);
			buildRules = (
			);
			dependencies = (
				182513661F21CAC30039F4A2 /* PBXTargetDependency */,
			);
			name = SGPagingViewExampleUITests;
			productName = SGPagingViewExampleUITests;
			productReference = 182513641F21CAC30039F4A2 /* SGPagingViewExampleUITests.xctest */;
			productType = "com.apple.product-type.bundle.ui-testing";
		};
/* End PBXNativeTarget section */

/* Begin PBXProject section */
		182513381F21CAC30039F4A2 /* Project object */ = {
			isa = PBXProject;
			attributes = {
				LastUpgradeCheck = 0900;
				ORGANIZATIONNAME = Sorgle;
				TargetAttributes = {
					1825133F1F21CAC30039F4A2 = {
						CreatedOnToolsVersion = 8.3.3;
						DevelopmentTeam = U7F2PF4JVH;
						ProvisioningStyle = Manual;
					};
					182513581F21CAC30039F4A2 = {
						CreatedOnToolsVersion = 8.3.3;
						ProvisioningStyle = Automatic;
						TestTargetID = 1825133F1F21CAC30039F4A2;
					};
					182513631F21CAC30039F4A2 = {
						CreatedOnToolsVersion = 8.3.3;
						ProvisioningStyle = Automatic;
						TestTargetID = 1825133F1F21CAC30039F4A2;
					};
				};
			};
			buildConfigurationList = 1825133B1F21CAC30039F4A2 /* Build configuration list for PBXProject "SGPagingViewExample" */;
			compatibilityVersion = "Xcode 3.2";
			developmentRegion = English;
			hasScannedForEncodings = 0;
			knownRegions = (
				en,
				Base,
			);
			mainGroup = 182513371F21CAC30039F4A2;
			productRefGroup = 182513411F21CAC30039F4A2 /* Products */;
			projectDirPath = "";
			projectRoot = "";
			targets = (
				1825133F1F21CAC30039F4A2 /* SGPagingViewExample */,
				182513581F21CAC30039F4A2 /* SGPagingViewExampleTests */,
				182513631F21CAC30039F4A2 /* SGPagingViewExampleUITests */,
			);
		};
/* End PBXProject section */

/* Begin PBXResourcesBuildPhase section */
		1825133E1F21CAC30039F4A2 /* Resources */ = {
			isa = PBXResourcesBuildPhase;
			buildActionMask = 2147483647;
			files = (
				8D0F8E6B1FD95E2300F30426 /* ChildVCFull.xib in Resources */,
				8D0F8E631FD95E2300F30426 /* ChildFourthPopGestureNextVC.xib in Resources */,
				8D0F8E711FD95E2300F30426 /* ChildVCThree.xib in Resources */,
				8D0F8E691FD95E2300F30426 /* ChildVCFour.xib in Resources */,
				182513531F21CAC30039F4A2 /* LaunchScreen.storyboard in Resources */,
				8D0F8E651FD95E2300F30426 /* ChildFourthPopGestureVC.xib in Resources */,
				182513501F21CAC30039F4A2 /* Assets.xcassets in Resources */,
				8D0F8E601FD95E2300F30426 /* ChildFirstPopGestureNextVC.xib in Resources */,
				1825134E1F21CAC30039F4A2 /* Main.storyboard in Resources */,
				8D1D282621114426009B3DF4 /* ChhildTempPopGestureVC.xib in Resources */,
				8D0F8E731FD95E2300F30426 /* ChildVCTwo.xib in Resources */,
			);
			runOnlyForDeploymentPostprocessing = 0;
		};
		182513571F21CAC30039F4A2 /* Resources */ = {
			isa = PBXResourcesBuildPhase;
			buildActionMask = 2147483647;
			files = (
			);
			runOnlyForDeploymentPostprocessing = 0;
		};
		182513621F21CAC30039F4A2 /* Resources */ = {
			isa = PBXResourcesBuildPhase;
			buildActionMask = 2147483647;
			files = (
			);
			runOnlyForDeploymentPostprocessing = 0;
		};
/* End PBXResourcesBuildPhase section */

/* Begin PBXSourcesBuildPhase section */
		1825133C1F21CAC30039F4A2 /* Sources */ = {
			isa = PBXSourcesBuildPhase;
			buildActionMask = 2147483647;
			files = (
				8D0F8E6F1FD95E2300F30426 /* ChildVCSix.m in Sources */,
				8D0F8E5F1FD95E2300F30426 /* ChildFirstPopGestureNextVC.m in Sources */,
				8D0F8E391FD95DE300F30426 /* DefaultTwoCoverVC.m in Sources */,
				8D0F8E641FD95E2300F30426 /* ChildFourthPopGestureVC.m in Sources */,
				8D0F8E381FD95DE300F30426 /* DefaultThreeCoverVC.m in Sources */,
				1825134B1F21CAC30039F4A2 /* ViewController.m in Sources */,
				8DA4304420BBEDEC00C47917 /* UIButton+SGPagingView.m in Sources */,
				8D5E68C620F0F6CC0068044C /* NSString+SGPagingView.m in Sources */,
				18B036D21F21D835004C7DE7 /* SGPageTitleView.m in Sources */,
				8DA4304120BBE3D600C47917 /* SGPageContentCollectionView.m in Sources */,
				8D0F8E681FD95E2300F30426 /* ChildVCFour.m in Sources */,
				182513EA1F21D1600039F4A2 /* SGPageContentScrollView.m in Sources */,
				8D0F8E611FD95E2300F30426 /* ChildFirstPopGestureVC.m in Sources */,
				8D0F8E6E1FD95E2300F30426 /* ChildVCSeven.m in Sources */,
				8D0F8E371FD95DE300F30426 /* DefaultStaticVC.m in Sources */,
				182513D21F21CC340039F4A2 /* NavigationBarVC.m in Sources */,
				8DCB02AA1F95B0FF00C9598A /* SGPageTitleViewConfigure.m in Sources */,
				8D0F8E3A1FD95DE300F30426 /* DefaultZoomVC.m in Sources */,
				182513D31F21CC340039F4A2 /* NavigationBarTitleView.m in Sources */,
				8D0F8E341FD95DE300F30426 /* DefaultPopGestureVC.m in Sources */,
				8D0F8E661FD95E2300F30426 /* ChildVCEight.m in Sources */,
				8D0F8E6D1FD95E2300F30426 /* ChildVCOne.m in Sources */,
				8D1D282521114426009B3DF4 /* ChhildTempPopGestureVC.m in Sources */,
				8DA4304720BBEF3B00C47917 /* DefaultImageVC.m in Sources */,
				8D0F8E671FD95E2300F30426 /* ChildVCFive.m in Sources */,
				8D0F8E621FD95E2300F30426 /* ChildFourthPopGestureNextVC.m in Sources */,
				8D0F8E6C1FD95E2300F30426 /* ChildVCNine.m in Sources */,
				9A3EDE201FF4C5C600DC1EB2 /* DefaultDynamicVC.m in Sources */,
				8D0F8E721FD95E2300F30426 /* ChildVCTwo.m in Sources */,
				8D0F8E6A1FD95E2300F30426 /* ChildVCFull.m in Sources */,
				8DF628F720A94CBA00B7B85A /* DefaultSystemVC.m in Sources */,
				182513481F21CAC30039F4A2 /* AppDelegate.m in Sources */,
				8D0F8E361FD95DE300F30426 /* DefaultScrollVC.m in Sources */,
				182513E91F21D1600039F4A2 /* UIView+SGPagingView.m in Sources */,
				8D0F8E321FD95DE300F30426 /* DefaultFixedVC.m in Sources */,
				182513451F21CAC30039F4A2 /* main.m in Sources */,
				8D0F8E331FD95DE300F30426 /* DefaultGradientEffectVC.m in Sources */,
				8D0F8E311FD95DE300F30426 /* DefaultCoverVC.m in Sources */,
				8D1A05F820B441B800743EAD /* DefaultAttributedTitleVC.m in Sources */,
				8D0F8E701FD95E2300F30426 /* ChildVCThree.m in Sources */,
				8D5E68CF20F2FA140068044C /* DefaultAnimatedVC.m in Sources */,
			);
			runOnlyForDeploymentPostprocessing = 0;
		};
		182513551F21CAC30039F4A2 /* Sources */ = {
			isa = PBXSourcesBuildPhase;
			buildActionMask = 2147483647;
			files = (
				1825135E1F21CAC30039F4A2 /* SGPagingViewExampleTests.m in Sources */,
			);
			runOnlyForDeploymentPostprocessing = 0;
		};
		182513601F21CAC30039F4A2 /* Sources */ = {
			isa = PBXSourcesBuildPhase;
			buildActionMask = 2147483647;
			files = (
				182513691F21CAC30039F4A2 /* SGPagingViewExampleUITests.m in Sources */,
			);
			runOnlyForDeploymentPostprocessing = 0;
		};
/* End PBXSourcesBuildPhase section */

/* Begin PBXTargetDependency section */
		1825135B1F21CAC30039F4A2 /* PBXTargetDependency */ = {
			isa = PBXTargetDependency;
			target = 1825133F1F21CAC30039F4A2 /* SGPagingViewExample */;
			targetProxy = 1825135A1F21CAC30039F4A2 /* PBXContainerItemProxy */;
		};
		182513661F21CAC30039F4A2 /* PBXTargetDependency */ = {
			isa = PBXTargetDependency;
			target = 1825133F1F21CAC30039F4A2 /* SGPagingViewExample */;
			targetProxy = 182513651F21CAC30039F4A2 /* PBXContainerItemProxy */;
		};
/* End PBXTargetDependency section */

/* Begin PBXVariantGroup section */
		1825134C1F21CAC30039F4A2 /* Main.storyboard */ = {
			isa = PBXVariantGroup;
			children = (
				1825134D1F21CAC30039F4A2 /* Base */,
			);
			name = Main.storyboard;
			sourceTree = "<group>";
		};
		182513511F21CAC30039F4A2 /* LaunchScreen.storyboard */ = {
			isa = PBXVariantGroup;
			children = (
				182513521F21CAC30039F4A2 /* Base */,
			);
			name = LaunchScreen.storyboard;
			sourceTree = "<group>";
		};
/* End PBXVariantGroup section */

/* Begin XCBuildConfiguration section */
		1825136B1F21CAC30039F4A2 /* Debug */ = {
			isa = XCBuildConfiguration;
			buildSettings = {
				ALWAYS_SEARCH_USER_PATHS = NO;
				CLANG_ANALYZER_NONNULL = YES;
				CLANG_ANALYZER_NUMBER_OBJECT_CONVERSION = YES_AGGRESSIVE;
				CLANG_CXX_LANGUAGE_STANDARD = "gnu++0x";
				CLANG_CXX_LIBRARY = "libc++";
				CLANG_ENABLE_MODULES = YES;
				CLANG_ENABLE_OBJC_ARC = YES;
				CLANG_WARN_BLOCK_CAPTURE_AUTORELEASING = YES;
				CLANG_WARN_BOOL_CONVERSION = YES;
				CLANG_WARN_COMMA = YES;
				CLANG_WARN_CONSTANT_CONVERSION = YES;
				CLANG_WARN_DIRECT_OBJC_ISA_USAGE = YES_ERROR;
				CLANG_WARN_DOCUMENTATION_COMMENTS = YES;
				CLANG_WARN_EMPTY_BODY = YES;
				CLANG_WARN_ENUM_CONVERSION = YES;
				CLANG_WARN_INFINITE_RECURSION = YES;
				CLANG_WARN_INT_CONVERSION = YES;
				CLANG_WARN_NON_LITERAL_NULL_CONVERSION = YES;
				CLANG_WARN_OBJC_LITERAL_CONVERSION = YES;
				CLANG_WARN_OBJC_ROOT_CLASS = YES_ERROR;
				CLANG_WARN_RANGE_LOOP_ANALYSIS = YES;
				CLANG_WARN_STRICT_PROTOTYPES = YES;
				CLANG_WARN_SUSPICIOUS_MOVE = YES;
				CLANG_WARN_UNREACHABLE_CODE = YES;
				CLANG_WARN__DUPLICATE_METHOD_MATCH = YES;
				"CODE_SIGN_IDENTITY[sdk=iphoneos*]" = "iPhone Developer";
				COPY_PHASE_STRIP = NO;
				DEBUG_INFORMATION_FORMAT = dwarf;
				ENABLE_STRICT_OBJC_MSGSEND = YES;
				ENABLE_TESTABILITY = YES;
				GCC_C_LANGUAGE_STANDARD = gnu99;
				GCC_DYNAMIC_NO_PIC = NO;
				GCC_NO_COMMON_BLOCKS = YES;
				GCC_OPTIMIZATION_LEVEL = 0;
				GCC_PREPROCESSOR_DEFINITIONS = (
					"DEBUG=1",
					"$(inherited)",
				);
				GCC_WARN_64_TO_32_BIT_CONVERSION = YES;
				GCC_WARN_ABOUT_RETURN_TYPE = YES_ERROR;
				GCC_WARN_UNDECLARED_SELECTOR = YES;
				GCC_WARN_UNINITIALIZED_AUTOS = YES_AGGRESSIVE;
				GCC_WARN_UNUSED_FUNCTION = YES;
				GCC_WARN_UNUSED_VARIABLE = YES;
				IPHONEOS_DEPLOYMENT_TARGET = 8.0;
				MTL_ENABLE_DEBUG_INFO = YES;
				ONLY_ACTIVE_ARCH = YES;
				SDKROOT = iphoneos;
			};
			name = Debug;
		};
		1825136C1F21CAC30039F4A2 /* Release */ = {
			isa = XCBuildConfiguration;
			buildSettings = {
				ALWAYS_SEARCH_USER_PATHS = NO;
				CLANG_ANALYZER_NONNULL = YES;
				CLANG_ANALYZER_NUMBER_OBJECT_CONVERSION = YES_AGGRESSIVE;
				CLANG_CXX_LANGUAGE_STANDARD = "gnu++0x";
				CLANG_CXX_LIBRARY = "libc++";
				CLANG_ENABLE_MODULES = YES;
				CLANG_ENABLE_OBJC_ARC = YES;
				CLANG_WARN_BLOCK_CAPTURE_AUTORELEASING = YES;
				CLANG_WARN_BOOL_CONVERSION = YES;
				CLANG_WARN_COMMA = YES;
				CLANG_WARN_CONSTANT_CONVERSION = YES;
				CLANG_WARN_DIRECT_OBJC_ISA_USAGE = YES_ERROR;
				CLANG_WARN_DOCUMENTATION_COMMENTS = YES;
				CLANG_WARN_EMPTY_BODY = YES;
				CLANG_WARN_ENUM_CONVERSION = YES;
				CLANG_WARN_INFINITE_RECURSION = YES;
				CLANG_WARN_INT_CONVERSION = YES;
				CLANG_WARN_NON_LITERAL_NULL_CONVERSION = YES;
				CLANG_WARN_OBJC_LITERAL_CONVERSION = YES;
				CLANG_WARN_OBJC_ROOT_CLASS = YES_ERROR;
				CLANG_WARN_RANGE_LOOP_ANALYSIS = YES;
				CLANG_WARN_STRICT_PROTOTYPES = YES;
				CLANG_WARN_SUSPICIOUS_MOVE = YES;
				CLANG_WARN_UNREACHABLE_CODE = YES;
				CLANG_WARN__DUPLICATE_METHOD_MATCH = YES;
				"CODE_SIGN_IDENTITY[sdk=iphoneos*]" = "iPhone Developer";
				COPY_PHASE_STRIP = NO;
				DEBUG_INFORMATION_FORMAT = "dwarf-with-dsym";
				ENABLE_NS_ASSERTIONS = NO;
				ENABLE_STRICT_OBJC_MSGSEND = YES;
				GCC_C_LANGUAGE_STANDARD = gnu99;
				GCC_NO_COMMON_BLOCKS = YES;
				GCC_WARN_64_TO_32_BIT_CONVERSION = YES;
				GCC_WARN_ABOUT_RETURN_TYPE = YES_ERROR;
				GCC_WARN_UNDECLARED_SELECTOR = YES;
				GCC_WARN_UNINITIALIZED_AUTOS = YES_AGGRESSIVE;
				GCC_WARN_UNUSED_FUNCTION = YES;
				GCC_WARN_UNUSED_VARIABLE = YES;
				IPHONEOS_DEPLOYMENT_TARGET = 8.0;
				MTL_ENABLE_DEBUG_INFO = NO;
				SDKROOT = iphoneos;
				VALIDATE_PRODUCT = YES;
			};
			name = Release;
		};
		1825136E1F21CAC30039F4A2 /* Debug */ = {
			isa = XCBuildConfiguration;
			buildSettings = {
				ASSETCATALOG_COMPILER_APPICON_NAME = AppIcon;
				CODE_SIGN_IDENTITY = "iPhone Developer";
				CODE_SIGN_STYLE = Manual;
				DEVELOPMENT_TEAM = U7F2PF4JVH;
				INFOPLIST_FILE = SGPagingViewExample/Info.plist;
				LD_RUNPATH_SEARCH_PATHS = "$(inherited) @executable_path/Frameworks";
				PRODUCT_BUNDLE_IDENTIFIER = com.Sorgle.SGPagingViewExample;
				PRODUCT_NAME = "$(TARGET_NAME)";
				PROVISIONING_PROFILE = "576811d9-2d98-4669-a419-04a59007c7e1";
				PROVISIONING_PROFILE_SPECIFIER = 9188universalProfile;
			};
			name = Debug;
		};
		1825136F1F21CAC30039F4A2 /* Release */ = {
			isa = XCBuildConfiguration;
			buildSettings = {
				ASSETCATALOG_COMPILER_APPICON_NAME = AppIcon;
				CODE_SIGN_IDENTITY = "iPhone Developer";
				CODE_SIGN_STYLE = Manual;
				DEVELOPMENT_TEAM = "";
				INFOPLIST_FILE = SGPagingViewExample/Info.plist;
				LD_RUNPATH_SEARCH_PATHS = "$(inherited) @executable_path/Frameworks";
				PRODUCT_BUNDLE_IDENTIFIER = com.Sorgle.SGPagingViewExample;
				PRODUCT_NAME = "$(TARGET_NAME)";
				PROVISIONING_PROFILE_SPECIFIER = "";
			};
			name = Release;
		};
		182513711F21CAC30039F4A2 /* Debug */ = {
			isa = XCBuildConfiguration;
			buildSettings = {
				BUNDLE_LOADER = "$(TEST_HOST)";
				INFOPLIST_FILE = SGPagingViewExampleTests/Info.plist;
				LD_RUNPATH_SEARCH_PATHS = "$(inherited) @executable_path/Frameworks @loader_path/Frameworks";
				PRODUCT_BUNDLE_IDENTIFIER = Sorgle.SGPagingViewExampleTests;
				PRODUCT_NAME = "$(TARGET_NAME)";
				TEST_HOST = "$(BUILT_PRODUCTS_DIR)/SGPagingViewExample.app/SGPagingViewExample";
			};
			name = Debug;
		};
		182513721F21CAC30039F4A2 /* Release */ = {
			isa = XCBuildConfiguration;
			buildSettings = {
				BUNDLE_LOADER = "$(TEST_HOST)";
				INFOPLIST_FILE = SGPagingViewExampleTests/Info.plist;
				LD_RUNPATH_SEARCH_PATHS = "$(inherited) @executable_path/Frameworks @loader_path/Frameworks";
				PRODUCT_BUNDLE_IDENTIFIER = Sorgle.SGPagingViewExampleTests;
				PRODUCT_NAME = "$(TARGET_NAME)";
				TEST_HOST = "$(BUILT_PRODUCTS_DIR)/SGPagingViewExample.app/SGPagingViewExample";
			};
			name = Release;
		};
		182513741F21CAC30039F4A2 /* Debug */ = {
			isa = XCBuildConfiguration;
			buildSettings = {
				INFOPLIST_FILE = SGPagingViewExampleUITests/Info.plist;
				LD_RUNPATH_SEARCH_PATHS = "$(inherited) @executable_path/Frameworks @loader_path/Frameworks";
				PRODUCT_BUNDLE_IDENTIFIER = Sorgle.SGPagingViewExampleUITests;
				PRODUCT_NAME = "$(TARGET_NAME)";
				TEST_TARGET_NAME = SGPagingViewExample;
			};
			name = Debug;
		};
		182513751F21CAC30039F4A2 /* Release */ = {
			isa = XCBuildConfiguration;
			buildSettings = {
				INFOPLIST_FILE = SGPagingViewExampleUITests/Info.plist;
				LD_RUNPATH_SEARCH_PATHS = "$(inherited) @executable_path/Frameworks @loader_path/Frameworks";
				PRODUCT_BUNDLE_IDENTIFIER = Sorgle.SGPagingViewExampleUITests;
				PRODUCT_NAME = "$(TARGET_NAME)";
				TEST_TARGET_NAME = SGPagingViewExample;
			};
			name = Release;
		};
/* End XCBuildConfiguration section */

/* Begin XCConfigurationList section */
		1825133B1F21CAC30039F4A2 /* Build configuration list for PBXProject "SGPagingViewExample" */ = {
			isa = XCConfigurationList;
			buildConfigurations = (
				1825136B1F21CAC30039F4A2 /* Debug */,
				1825136C1F21CAC30039F4A2 /* Release */,
			);
			defaultConfigurationIsVisible = 0;
			defaultConfigurationName = Release;
		};
		1825136D1F21CAC30039F4A2 /* Build configuration list for PBXNativeTarget "SGPagingViewExample" */ = {
			isa = XCConfigurationList;
			buildConfigurations = (
				1825136E1F21CAC30039F4A2 /* Debug */,
				1825136F1F21CAC30039F4A2 /* Release */,
			);
			defaultConfigurationIsVisible = 0;
			defaultConfigurationName = Release;
		};
		182513701F21CAC30039F4A2 /* Build configuration list for PBXNativeTarget "SGPagingViewExampleTests" */ = {
			isa = XCConfigurationList;
			buildConfigurations = (
				182513711F21CAC30039F4A2 /* Debug */,
				182513721F21CAC30039F4A2 /* Release */,
			);
			defaultConfigurationIsVisible = 0;
			defaultConfigurationName = Release;
		};
		182513731F21CAC30039F4A2 /* Build configuration list for PBXNativeTarget "SGPagingViewExampleUITests" */ = {
			isa = XCConfigurationList;
			buildConfigurations = (
				182513741F21CAC30039F4A2 /* Debug */,
				182513751F21CAC30039F4A2 /* Release */,
			);
			defaultConfigurationIsVisible = 0;
			defaultConfigurationName = Release;
		};
/* End XCConfigurationList section */
	};
	rootObject = 182513381F21CAC30039F4A2 /* Project object */;
}
