PODS:
  - Masonry (1.1.0)
  - SGPagingView (1.4.1):
    - Masonry

DEPENDENCIES:
  - Masonry
  - SGPagingView (from `./SGPagingView.podspec`)

SPEC REPOS:
  https://github.com/cocoapods/specs.git:
    - Masonry

EXTERNAL SOURCES:
  SGPagingView:
    :path: "./SGPagingView.podspec"

SPEC CHECKSUMS:
  Masonry: 678fab65091a9290e40e2832a55e7ab731aad201
  SGPagingView: 28ff80fae6c7bba117a3b887e0834472ec41c60b

PODFILE CHECKSUM: c00f213af61bd636ad9121e107306a6a16a273b1

COCOAPODS: 1.5.2
