// !$*UTF8*$!
{
	archiveVersion = 1;
	classes = {
	};
	objectVersion = 46;
	objects = {

/* Begin PBXBuildFile section */
		18347EA11EA8553E00F02F4C /* SGPageContentView.m in Sources */ = {isa = PBXBuildFile; fileRef = 18347E9E1EA8553E00F02F4C /* SGPageContentView.m */; };
		18347EA21EA8553E00F02F4C /* SGPageTitleView.m in Sources */ = {isa = PBXBuildFile; fileRef = 18347EA01EA8553E00F02F4C /* SGPageTitleView.m */; };
		18347EAA1EA8556900F02F4C /* DefaultVCOne.m in Sources */ = {isa = PBXBuildFile; fileRef = 18347EA51EA8556900F02F4C /* DefaultVCOne.m */; };
		18347EAB1EA8556900F02F4C /* DefaultVCTwo.m in Sources */ = {isa = PBXBuildFile; fileRef = 18347EA71EA8556900F02F4C /* DefaultVCTwo.m */; };
		18347EAC1EA8556900F02F4C /* NavigationBarVC.m in Sources */ = {isa = PBXBuildFile; fileRef = 18347EA91EA8556900F02F4C /* NavigationBarVC.m */; };
		18347EC01EA8557000F02F4C /* ChildVCEight.m in Sources */ = {isa = PBXBuildFile; fileRef = 18347EAF1EA8557000F02F4C /* ChildVCEight.m */; };
		18347EC11EA8557000F02F4C /* ChildVCFive.m in Sources */ = {isa = PBXBuildFile; fileRef = 18347EB11EA8557000F02F4C /* ChildVCFive.m */; };
		18347EC21EA8557000F02F4C /* ChildVCFour.m in Sources */ = {isa = PBXBuildFile; fileRef = 18347EB31EA8557000F02F4C /* ChildVCFour.m */; };
		18347EC31EA8557000F02F4C /* ChildVCNine.m in Sources */ = {isa = PBXBuildFile; fileRef = 18347EB51EA8557000F02F4C /* ChildVCNine.m */; };
		18347EC41EA8557000F02F4C /* ChildVCOne.m in Sources */ = {isa = PBXBuildFile; fileRef = 18347EB71EA8557000F02F4C /* ChildVCOne.m */; };
		18347EC51EA8557000F02F4C /* ChildVCSeven.m in Sources */ = {isa = PBXBuildFile; fileRef = 18347EB91EA8557000F02F4C /* ChildVCSeven.m */; };
		18347EC61EA8557000F02F4C /* ChildVCSix.m in Sources */ = {isa = PBXBuildFile; fileRef = 18347EBB1EA8557000F02F4C /* ChildVCSix.m */; };
		18347EC71EA8557000F02F4C /* ChildVCThree.m in Sources */ = {isa = PBXBuildFile; fileRef = 18347EBD1EA8557000F02F4C /* ChildVCThree.m */; };
		18347EC81EA8557000F02F4C /* ChildVCTwo.m in Sources */ = {isa = PBXBuildFile; fileRef = 18347EBF1EA8557000F02F4C /* ChildVCTwo.m */; };
		18347ECB1EA8557A00F02F4C /* ViewController.m in Sources */ = {isa = PBXBuildFile; fileRef = 18347ECA1EA8557A00F02F4C /* ViewController.m */; };
		185A919B1E9F4B1600846BC0 /* SGHelperTool.m in Sources */ = {isa = PBXBuildFile; fileRef = 185A919A1E9F4B1600846BC0 /* SGHelperTool.m */; };
		185A91AD1E9F57E700846BC0 /* NavigationBarTitleView.m in Sources */ = {isa = PBXBuildFile; fileRef = 185A91AC1E9F57E700846BC0 /* NavigationBarTitleView.m */; };
		18E5B1691E9E14E600E28DE1 /* main.m in Sources */ = {isa = PBXBuildFile; fileRef = 18E5B1681E9E14E600E28DE1 /* main.m */; };
		18E5B16C1E9E14E600E28DE1 /* AppDelegate.m in Sources */ = {isa = PBXBuildFile; fileRef = 18E5B16B1E9E14E600E28DE1 /* AppDelegate.m */; };
		18E5B1721E9E14E600E28DE1 /* Main.storyboard in Resources */ = {isa = PBXBuildFile; fileRef = 18E5B1701E9E14E600E28DE1 /* Main.storyboard */; };
		18E5B1741E9E14E600E28DE1 /* Assets.xcassets in Resources */ = {isa = PBXBuildFile; fileRef = 18E5B1731E9E14E600E28DE1 /* Assets.xcassets */; };
		18E5B1771E9E14E600E28DE1 /* LaunchScreen.storyboard in Resources */ = {isa = PBXBuildFile; fileRef = 18E5B1751E9E14E600E28DE1 /* LaunchScreen.storyboard */; };
		18E5B1821E9E14E600E28DE1 /* SGPageViewExampleTests.m in Sources */ = {isa = PBXBuildFile; fileRef = 18E5B1811E9E14E600E28DE1 /* SGPageViewExampleTests.m */; };
		18E5B18D1E9E14E600E28DE1 /* SGPageViewExampleUITests.m in Sources */ = {isa = PBXBuildFile; fileRef = 18E5B18C1E9E14E600E28DE1 /* SGPageViewExampleUITests.m */; };
		18E5B1AD1E9E1D9400E28DE1 /* UIView+SGFrame.m in Sources */ = {isa = PBXBuildFile; fileRef = 18E5B1AC1E9E1D9400E28DE1 /* UIView+SGFrame.m */; };
/* End PBXBuildFile section */

/* Begin PBXContainerItemProxy section */
		18E5B17E1E9E14E600E28DE1 /* PBXContainerItemProxy */ = {
			isa = PBXContainerItemProxy;
			containerPortal = 18E5B15C1E9E14E600E28DE1 /* Project object */;
			proxyType = 1;
			remoteGlobalIDString = 18E5B1631E9E14E600E28DE1;
			remoteInfo = SGPageViewExample;
		};
		18E5B1891E9E14E600E28DE1 /* PBXContainerItemProxy */ = {
			isa = PBXContainerItemProxy;
			containerPortal = 18E5B15C1E9E14E600E28DE1 /* Project object */;
			proxyType = 1;
			remoteGlobalIDString = 18E5B1631E9E14E600E28DE1;
			remoteInfo = SGPageViewExample;
		};
/* End PBXContainerItemProxy section */

/* Begin PBXFileReference section */
		18347E9D1EA8553E00F02F4C /* SGPageContentView.h */ = {isa = PBXFileReference; fileEncoding = 4; lastKnownFileType = sourcecode.c.h; path = SGPageContentView.h; sourceTree = "<group>"; };
		18347E9E1EA8553E00F02F4C /* SGPageContentView.m */ = {isa = PBXFileReference; fileEncoding = 4; lastKnownFileType = sourcecode.c.objc; path = SGPageContentView.m; sourceTree = "<group>"; };
		18347E9F1EA8553E00F02F4C /* SGPageTitleView.h */ = {isa = PBXFileReference; fileEncoding = 4; lastKnownFileType = sourcecode.c.h; path = SGPageTitleView.h; sourceTree = "<group>"; };
		18347EA01EA8553E00F02F4C /* SGPageTitleView.m */ = {isa = PBXFileReference; fileEncoding = 4; lastKnownFileType = sourcecode.c.objc; path = SGPageTitleView.m; sourceTree = "<group>"; };
		18347EA41EA8556900F02F4C /* DefaultVCOne.h */ = {isa = PBXFileReference; fileEncoding = 4; lastKnownFileType = sourcecode.c.h; path = DefaultVCOne.h; sourceTree = "<group>"; };
		18347EA51EA8556900F02F4C /* DefaultVCOne.m */ = {isa = PBXFileReference; fileEncoding = 4; lastKnownFileType = sourcecode.c.objc; path = DefaultVCOne.m; sourceTree = "<group>"; };
		18347EA61EA8556900F02F4C /* DefaultVCTwo.h */ = {isa = PBXFileReference; fileEncoding = 4; lastKnownFileType = sourcecode.c.h; path = DefaultVCTwo.h; sourceTree = "<group>"; };
		18347EA71EA8556900F02F4C /* DefaultVCTwo.m */ = {isa = PBXFileReference; fileEncoding = 4; lastKnownFileType = sourcecode.c.objc; path = DefaultVCTwo.m; sourceTree = "<group>"; };
		18347EA81EA8556900F02F4C /* NavigationBarVC.h */ = {isa = PBXFileReference; fileEncoding = 4; lastKnownFileType = sourcecode.c.h; path = NavigationBarVC.h; sourceTree = "<group>"; };
		18347EA91EA8556900F02F4C /* NavigationBarVC.m */ = {isa = PBXFileReference; fileEncoding = 4; lastKnownFileType = sourcecode.c.objc; path = NavigationBarVC.m; sourceTree = "<group>"; };
		18347EAE1EA8557000F02F4C /* ChildVCEight.h */ = {isa = PBXFileReference; fileEncoding = 4; lastKnownFileType = sourcecode.c.h; path = ChildVCEight.h; sourceTree = "<group>"; };
		18347EAF1EA8557000F02F4C /* ChildVCEight.m */ = {isa = PBXFileReference; fileEncoding = 4; lastKnownFileType = sourcecode.c.objc; path = ChildVCEight.m; sourceTree = "<group>"; };
		18347EB01EA8557000F02F4C /* ChildVCFive.h */ = {isa = PBXFileReference; fileEncoding = 4; lastKnownFileType = sourcecode.c.h; path = ChildVCFive.h; sourceTree = "<group>"; };
		18347EB11EA8557000F02F4C /* ChildVCFive.m */ = {isa = PBXFileReference; fileEncoding = 4; lastKnownFileType = sourcecode.c.objc; path = ChildVCFive.m; sourceTree = "<group>"; };
		18347EB21EA8557000F02F4C /* ChildVCFour.h */ = {isa = PBXFileReference; fileEncoding = 4; lastKnownFileType = sourcecode.c.h; path = ChildVCFour.h; sourceTree = "<group>"; };
		18347EB31EA8557000F02F4C /* ChildVCFour.m */ = {isa = PBXFileReference; fileEncoding = 4; lastKnownFileType = sourcecode.c.objc; path = ChildVCFour.m; sourceTree = "<group>"; };
		18347EB41EA8557000F02F4C /* ChildVCNine.h */ = {isa = PBXFileReference; fileEncoding = 4; lastKnownFileType = sourcecode.c.h; path = ChildVCNine.h; sourceTree = "<group>"; };
		18347EB51EA8557000F02F4C /* ChildVCNine.m */ = {isa = PBXFileReference; fileEncoding = 4; lastKnownFileType = sourcecode.c.objc; path = ChildVCNine.m; sourceTree = "<group>"; };
		18347EB61EA8557000F02F4C /* ChildVCOne.h */ = {isa = PBXFileReference; fileEncoding = 4; lastKnownFileType = sourcecode.c.h; path = ChildVCOne.h; sourceTree = "<group>"; };
		18347EB71EA8557000F02F4C /* ChildVCOne.m */ = {isa = PBXFileReference; fileEncoding = 4; lastKnownFileType = sourcecode.c.objc; path = ChildVCOne.m; sourceTree = "<group>"; };
		18347EB81EA8557000F02F4C /* ChildVCSeven.h */ = {isa = PBXFileReference; fileEncoding = 4; lastKnownFileType = sourcecode.c.h; path = ChildVCSeven.h; sourceTree = "<group>"; };
		18347EB91EA8557000F02F4C /* ChildVCSeven.m */ = {isa = PBXFileReference; fileEncoding = 4; lastKnownFileType = sourcecode.c.objc; path = ChildVCSeven.m; sourceTree = "<group>"; };
		18347EBA1EA8557000F02F4C /* ChildVCSix.h */ = {isa = PBXFileReference; fileEncoding = 4; lastKnownFileType = sourcecode.c.h; path = ChildVCSix.h; sourceTree = "<group>"; };
		18347EBB1EA8557000F02F4C /* ChildVCSix.m */ = {isa = PBXFileReference; fileEncoding = 4; lastKnownFileType = sourcecode.c.objc; path = ChildVCSix.m; sourceTree = "<group>"; };
		18347EBC1EA8557000F02F4C /* ChildVCThree.h */ = {isa = PBXFileReference; fileEncoding = 4; lastKnownFileType = sourcecode.c.h; path = ChildVCThree.h; sourceTree = "<group>"; };
		18347EBD1EA8557000F02F4C /* ChildVCThree.m */ = {isa = PBXFileReference; fileEncoding = 4; lastKnownFileType = sourcecode.c.objc; path = ChildVCThree.m; sourceTree = "<group>"; };
		18347EBE1EA8557000F02F4C /* ChildVCTwo.h */ = {isa = PBXFileReference; fileEncoding = 4; lastKnownFileType = sourcecode.c.h; path = ChildVCTwo.h; sourceTree = "<group>"; };
		18347EBF1EA8557000F02F4C /* ChildVCTwo.m */ = {isa = PBXFileReference; fileEncoding = 4; lastKnownFileType = sourcecode.c.objc; path = ChildVCTwo.m; sourceTree = "<group>"; };
		18347EC91EA8557A00F02F4C /* ViewController.h */ = {isa = PBXFileReference; fileEncoding = 4; lastKnownFileType = sourcecode.c.h; path = ViewController.h; sourceTree = "<group>"; };
		18347ECA1EA8557A00F02F4C /* ViewController.m */ = {isa = PBXFileReference; fileEncoding = 4; lastKnownFileType = sourcecode.c.objc; path = ViewController.m; sourceTree = "<group>"; };
		185A91921E9E25EB00846BC0 /* SGPageViewHelper.h */ = {isa = PBXFileReference; lastKnownFileType = sourcecode.c.h; path = SGPageViewHelper.h; sourceTree = "<group>"; };
		185A91991E9F4B1600846BC0 /* SGHelperTool.h */ = {isa = PBXFileReference; fileEncoding = 4; lastKnownFileType = sourcecode.c.h; path = SGHelperTool.h; sourceTree = "<group>"; };
		185A919A1E9F4B1600846BC0 /* SGHelperTool.m */ = {isa = PBXFileReference; fileEncoding = 4; lastKnownFileType = sourcecode.c.objc; path = SGHelperTool.m; sourceTree = "<group>"; };
		185A91AB1E9F57E700846BC0 /* NavigationBarTitleView.h */ = {isa = PBXFileReference; fileEncoding = 4; lastKnownFileType = sourcecode.c.h; path = NavigationBarTitleView.h; sourceTree = "<group>"; };
		185A91AC1E9F57E700846BC0 /* NavigationBarTitleView.m */ = {isa = PBXFileReference; fileEncoding = 4; lastKnownFileType = sourcecode.c.objc; path = NavigationBarTitleView.m; sourceTree = "<group>"; };
		18E5B1641E9E14E600E28DE1 /* SGPageViewExample.app */ = {isa = PBXFileReference; explicitFileType = wrapper.application; includeInIndex = 0; path = SGPageViewExample.app; sourceTree = BUILT_PRODUCTS_DIR; };
		18E5B1681E9E14E600E28DE1 /* main.m */ = {isa = PBXFileReference; lastKnownFileType = sourcecode.c.objc; path = main.m; sourceTree = "<group>"; };
		18E5B16A1E9E14E600E28DE1 /* AppDelegate.h */ = {isa = PBXFileReference; lastKnownFileType = sourcecode.c.h; path = AppDelegate.h; sourceTree = "<group>"; };
		18E5B16B1E9E14E600E28DE1 /* AppDelegate.m */ = {isa = PBXFileReference; lastKnownFileType = sourcecode.c.objc; path = AppDelegate.m; sourceTree = "<group>"; };
		18E5B1711E9E14E600E28DE1 /* Base */ = {isa = PBXFileReference; lastKnownFileType = file.storyboard; name = Base; path = Base.lproj/Main.storyboard; sourceTree = "<group>"; };
		18E5B1731E9E14E600E28DE1 /* Assets.xcassets */ = {isa = PBXFileReference; lastKnownFileType = folder.assetcatalog; path = Assets.xcassets; sourceTree = "<group>"; };
		18E5B1761E9E14E600E28DE1 /* Base */ = {isa = PBXFileReference; lastKnownFileType = file.storyboard; name = Base; path = Base.lproj/LaunchScreen.storyboard; sourceTree = "<group>"; };
		18E5B1781E9E14E600E28DE1 /* Info.plist */ = {isa = PBXFileReference; lastKnownFileType = text.plist.xml; path = Info.plist; sourceTree = "<group>"; };
		18E5B17D1E9E14E600E28DE1 /* SGPageViewExampleTests.xctest */ = {isa = PBXFileReference; explicitFileType = wrapper.cfbundle; includeInIndex = 0; path = SGPageViewExampleTests.xctest; sourceTree = BUILT_PRODUCTS_DIR; };
		18E5B1811E9E14E600E28DE1 /* SGPageViewExampleTests.m */ = {isa = PBXFileReference; lastKnownFileType = sourcecode.c.objc; path = SGPageViewExampleTests.m; sourceTree = "<group>"; };
		18E5B1831E9E14E600E28DE1 /* Info.plist */ = {isa = PBXFileReference; lastKnownFileType = text.plist.xml; path = Info.plist; sourceTree = "<group>"; };
		18E5B1881E9E14E600E28DE1 /* SGPageViewExampleUITests.xctest */ = {isa = PBXFileReference; explicitFileType = wrapper.cfbundle; includeInIndex = 0; path = SGPageViewExampleUITests.xctest; sourceTree = BUILT_PRODUCTS_DIR; };
		18E5B18C1E9E14E600E28DE1 /* SGPageViewExampleUITests.m */ = {isa = PBXFileReference; lastKnownFileType = sourcecode.c.objc; path = SGPageViewExampleUITests.m; sourceTree = "<group>"; };
		18E5B18E1E9E14E600E28DE1 /* Info.plist */ = {isa = PBXFileReference; lastKnownFileType = text.plist.xml; path = Info.plist; sourceTree = "<group>"; };
		18E5B19E1E9E153600E28DE1 /* SGPageView.h */ = {isa = PBXFileReference; fileEncoding = 4; lastKnownFileType = sourcecode.c.h; path = SGPageView.h; sourceTree = "<group>"; };
		18E5B1AB1E9E1D9400E28DE1 /* UIView+SGFrame.h */ = {isa = PBXFileReference; fileEncoding = 4; lastKnownFileType = sourcecode.c.h; path = "UIView+SGFrame.h"; sourceTree = "<group>"; };
		18E5B1AC1E9E1D9400E28DE1 /* UIView+SGFrame.m */ = {isa = PBXFileReference; fileEncoding = 4; lastKnownFileType = sourcecode.c.objc; path = "UIView+SGFrame.m"; sourceTree = "<group>"; };
/* End PBXFileReference section */

/* Begin PBXFrameworksBuildPhase section */
		18E5B1611E9E14E600E28DE1 /* Frameworks */ = {
			isa = PBXFrameworksBuildPhase;
			buildActionMask = 2147483647;
			files = (
			);
			runOnlyForDeploymentPostprocessing = 0;
		};
		18E5B17A1E9E14E600E28DE1 /* Frameworks */ = {
			isa = PBXFrameworksBuildPhase;
			buildActionMask = 2147483647;
			files = (
			);
			runOnlyForDeploymentPostprocessing = 0;
		};
		18E5B1851E9E14E600E28DE1 /* Frameworks */ = {
			isa = PBXFrameworksBuildPhase;
			buildActionMask = 2147483647;
			files = (
			);
			runOnlyForDeploymentPostprocessing = 0;
		};
/* End PBXFrameworksBuildPhase section */

/* Begin PBXGroup section */
		18347EA31EA8556900F02F4C /* MainVC */ = {
			isa = PBXGroup;
			children = (
				18347EA41EA8556900F02F4C /* DefaultVCOne.h */,
				18347EA51EA8556900F02F4C /* DefaultVCOne.m */,
				18347EA61EA8556900F02F4C /* DefaultVCTwo.h */,
				18347EA71EA8556900F02F4C /* DefaultVCTwo.m */,
				18347EA81EA8556900F02F4C /* NavigationBarVC.h */,
				18347EA91EA8556900F02F4C /* NavigationBarVC.m */,
			);
			path = MainVC;
			sourceTree = "<group>";
		};
		18347EAD1EA8557000F02F4C /* ChildVC */ = {
			isa = PBXGroup;
			children = (
				18347EB61EA8557000F02F4C /* ChildVCOne.h */,
				18347EB71EA8557000F02F4C /* ChildVCOne.m */,
				18347EBE1EA8557000F02F4C /* ChildVCTwo.h */,
				18347EBF1EA8557000F02F4C /* ChildVCTwo.m */,
				18347EBC1EA8557000F02F4C /* ChildVCThree.h */,
				18347EBD1EA8557000F02F4C /* ChildVCThree.m */,
				18347EB21EA8557000F02F4C /* ChildVCFour.h */,
				18347EB31EA8557000F02F4C /* ChildVCFour.m */,
				18347EB01EA8557000F02F4C /* ChildVCFive.h */,
				18347EB11EA8557000F02F4C /* ChildVCFive.m */,
				18347EBA1EA8557000F02F4C /* ChildVCSix.h */,
				18347EBB1EA8557000F02F4C /* ChildVCSix.m */,
				18347EB81EA8557000F02F4C /* ChildVCSeven.h */,
				18347EB91EA8557000F02F4C /* ChildVCSeven.m */,
				18347EAE1EA8557000F02F4C /* ChildVCEight.h */,
				18347EAF1EA8557000F02F4C /* ChildVCEight.m */,
				18347EB41EA8557000F02F4C /* ChildVCNine.h */,
				18347EB51EA8557000F02F4C /* ChildVCNine.m */,
			);
			path = ChildVC;
			sourceTree = "<group>";
		};
		18E5B15B1E9E14E600E28DE1 = {
			isa = PBXGroup;
			children = (
				18E5B19A1E9E14FF00E28DE1 /* SGPageView */,
				18E5B1661E9E14E600E28DE1 /* SGPageViewExample */,
				18E5B1801E9E14E600E28DE1 /* SGPageViewExampleTests */,
				18E5B18B1E9E14E600E28DE1 /* SGPageViewExampleUITests */,
				18E5B1651E9E14E600E28DE1 /* Products */,
			);
			sourceTree = "<group>";
		};
		18E5B1651E9E14E600E28DE1 /* Products */ = {
			isa = PBXGroup;
			children = (
				18E5B1641E9E14E600E28DE1 /* SGPageViewExample.app */,
				18E5B17D1E9E14E600E28DE1 /* SGPageViewExampleTests.xctest */,
				18E5B1881E9E14E600E28DE1 /* SGPageViewExampleUITests.xctest */,
			);
			name = Products;
			sourceTree = "<group>";
		};
		18E5B1661E9E14E600E28DE1 /* SGPageViewExample */ = {
			isa = PBXGroup;
			children = (
				18E5B16A1E9E14E600E28DE1 /* AppDelegate.h */,
				18E5B16B1E9E14E600E28DE1 /* AppDelegate.m */,
				18347EC91EA8557A00F02F4C /* ViewController.h */,
				18347ECA1EA8557A00F02F4C /* ViewController.m */,
				18347EA31EA8556900F02F4C /* MainVC */,
				18347EAD1EA8557000F02F4C /* ChildVC */,
				185A91AB1E9F57E700846BC0 /* NavigationBarTitleView.h */,
				185A91AC1E9F57E700846BC0 /* NavigationBarTitleView.m */,
				18E5B1701E9E14E600E28DE1 /* Main.storyboard */,
				18E5B1731E9E14E600E28DE1 /* Assets.xcassets */,
				18E5B1751E9E14E600E28DE1 /* LaunchScreen.storyboard */,
				18E5B1781E9E14E600E28DE1 /* Info.plist */,
				18E5B1671E9E14E600E28DE1 /* Supporting Files */,
			);
			path = SGPageViewExample;
			sourceTree = "<group>";
		};
		18E5B1671E9E14E600E28DE1 /* Supporting Files */ = {
			isa = PBXGroup;
			children = (
				18E5B1681E9E14E600E28DE1 /* main.m */,
			);
			name = "Supporting Files";
			sourceTree = "<group>";
		};
		18E5B1801E9E14E600E28DE1 /* SGPageViewExampleTests */ = {
			isa = PBXGroup;
			children = (
				18E5B1811E9E14E600E28DE1 /* SGPageViewExampleTests.m */,
				18E5B1831E9E14E600E28DE1 /* Info.plist */,
			);
			path = SGPageViewExampleTests;
			sourceTree = "<group>";
		};
		18E5B18B1E9E14E600E28DE1 /* SGPageViewExampleUITests */ = {
			isa = PBXGroup;
			children = (
				18E5B18C1E9E14E600E28DE1 /* SGPageViewExampleUITests.m */,
				18E5B18E1E9E14E600E28DE1 /* Info.plist */,
			);
			path = SGPageViewExampleUITests;
			sourceTree = "<group>";
		};
		18E5B19A1E9E14FF00E28DE1 /* SGPageView */ = {
			isa = PBXGroup;
			children = (
				18E5B19E1E9E153600E28DE1 /* SGPageView.h */,
				185A91921E9E25EB00846BC0 /* SGPageViewHelper.h */,
				18347E9F1EA8553E00F02F4C /* SGPageTitleView.h */,
				18347EA01EA8553E00F02F4C /* SGPageTitleView.m */,
				18347E9D1EA8553E00F02F4C /* SGPageContentView.h */,
				18347E9E1EA8553E00F02F4C /* SGPageContentView.m */,
				18E5B1AB1E9E1D9400E28DE1 /* UIView+SGFrame.h */,
				18E5B1AC1E9E1D9400E28DE1 /* UIView+SGFrame.m */,
				185A91991E9F4B1600846BC0 /* SGHelperTool.h */,
				185A919A1E9F4B1600846BC0 /* SGHelperTool.m */,
			);
			path = SGPageView;
			sourceTree = "<group>";
		};
/* End PBXGroup section */

/* Begin PBXNativeTarget section */
		18E5B1631E9E14E600E28DE1 /* SGPageViewExample */ = {
			isa = PBXNativeTarget;
			buildConfigurationList = 18E5B1911E9E14E600E28DE1 /* Build configuration list for PBXNativeTarget "SGPageViewExample" */;
			buildPhases = (
				18E5B1601E9E14E600E28DE1 /* Sources */,
				18E5B1611E9E14E600E28DE1 /* Frameworks */,
				18E5B1621E9E14E600E28DE1 /* Resources */,
			);
			buildRules = (
			);
			dependencies = (
			);
			name = SGPageViewExample;
			productName = SGPageViewExample;
			productReference = 18E5B1641E9E14E600E28DE1 /* SGPageViewExample.app */;
			productType = "com.apple.product-type.application";
		};
		18E5B17C1E9E14E600E28DE1 /* SGPageViewExampleTests */ = {
			isa = PBXNativeTarget;
			buildConfigurationList = 18E5B1941E9E14E600E28DE1 /* Build configuration list for PBXNativeTarget "SGPageViewExampleTests" */;
			buildPhases = (
				18E5B1791E9E14E600E28DE1 /* Sources */,
				18E5B17A1E9E14E600E28DE1 /* Frameworks */,
				18E5B17B1E9E14E600E28DE1 /* Resources */,
			);
			buildRules = (
			);
			dependencies = (
				18E5B17F1E9E14E600E28DE1 /* PBXTargetDependency */,
			);
			name = SGPageViewExampleTests;
			productName = SGPageViewExampleTests;
			productReference = 18E5B17D1E9E14E600E28DE1 /* SGPageViewExampleTests.xctest */;
			productType = "com.apple.product-type.bundle.unit-test";
		};
		18E5B1871E9E14E600E28DE1 /* SGPageViewExampleUITests */ = {
			isa = PBXNativeTarget;
			buildConfigurationList = 18E5B1971E9E14E600E28DE1 /* Build configuration list for PBXNativeTarget "SGPageViewExampleUITests" */;
			buildPhases = (
				18E5B1841E9E14E600E28DE1 /* Sources */,
				18E5B1851E9E14E600E28DE1 /* Frameworks */,
				18E5B1861E9E14E600E28DE1 /* Resources */,
			);
			buildRules = (
			);
			dependencies = (
				18E5B18A1E9E14E600E28DE1 /* PBXTargetDependency */,
			);
			name = SGPageViewExampleUITests;
			productName = SGPageViewExampleUITests;
			productReference = 18E5B1881E9E14E600E28DE1 /* SGPageViewExampleUITests.xctest */;
			productType = "com.apple.product-type.bundle.ui-testing";
		};
/* End PBXNativeTarget section */

/* Begin PBXProject section */
		18E5B15C1E9E14E600E28DE1 /* Project object */ = {
			isa = PBXProject;
			attributes = {
				LastUpgradeCheck = 0820;
				ORGANIZATIONNAME = Sorgle;
				TargetAttributes = {
					18E5B1631E9E14E600E28DE1 = {
						CreatedOnToolsVersion = 8.2.1;
						ProvisioningStyle = Automatic;
					};
					18E5B17C1E9E14E600E28DE1 = {
						CreatedOnToolsVersion = 8.2.1;
						ProvisioningStyle = Automatic;
						TestTargetID = 18E5B1631E9E14E600E28DE1;
					};
					18E5B1871E9E14E600E28DE1 = {
						CreatedOnToolsVersion = 8.2.1;
						ProvisioningStyle = Automatic;
						TestTargetID = 18E5B1631E9E14E600E28DE1;
					};
				};
			};
			buildConfigurationList = 18E5B15F1E9E14E600E28DE1 /* Build configuration list for PBXProject "SGPageViewExample" */;
			compatibilityVersion = "Xcode 3.2";
			developmentRegion = English;
			hasScannedForEncodings = 0;
			knownRegions = (
				en,
				Base,
			);
			mainGroup = 18E5B15B1E9E14E600E28DE1;
			productRefGroup = 18E5B1651E9E14E600E28DE1 /* Products */;
			projectDirPath = "";
			projectRoot = "";
			targets = (
				18E5B1631E9E14E600E28DE1 /* SGPageViewExample */,
				18E5B17C1E9E14E600E28DE1 /* SGPageViewExampleTests */,
				18E5B1871E9E14E600E28DE1 /* SGPageViewExampleUITests */,
			);
		};
/* End PBXProject section */

/* Begin PBXResourcesBuildPhase section */
		18E5B1621E9E14E600E28DE1 /* Resources */ = {
			isa = PBXResourcesBuildPhase;
			buildActionMask = 2147483647;
			files = (
				18E5B1771E9E14E600E28DE1 /* LaunchScreen.storyboard in Resources */,
				18E5B1741E9E14E600E28DE1 /* Assets.xcassets in Resources */,
				18E5B1721E9E14E600E28DE1 /* Main.storyboard in Resources */,
			);
			runOnlyForDeploymentPostprocessing = 0;
		};
		18E5B17B1E9E14E600E28DE1 /* Resources */ = {
			isa = PBXResourcesBuildPhase;
			buildActionMask = 2147483647;
			files = (
			);
			runOnlyForDeploymentPostprocessing = 0;
		};
		18E5B1861E9E14E600E28DE1 /* Resources */ = {
			isa = PBXResourcesBuildPhase;
			buildActionMask = 2147483647;
			files = (
			);
			runOnlyForDeploymentPostprocessing = 0;
		};
/* End PBXResourcesBuildPhase section */

/* Begin PBXSourcesBuildPhase section */
		18E5B1601E9E14E600E28DE1 /* Sources */ = {
			isa = PBXSourcesBuildPhase;
			buildActionMask = 2147483647;
			files = (
				18347EA21EA8553E00F02F4C /* SGPageTitleView.m in Sources */,
				18347EC01EA8557000F02F4C /* ChildVCEight.m in Sources */,
				18347EC71EA8557000F02F4C /* ChildVCThree.m in Sources */,
				18347EAA1EA8556900F02F4C /* DefaultVCOne.m in Sources */,
				18347EC11EA8557000F02F4C /* ChildVCFive.m in Sources */,
				18347EAC1EA8556900F02F4C /* NavigationBarVC.m in Sources */,
				18347EC61EA8557000F02F4C /* ChildVCSix.m in Sources */,
				18347EA11EA8553E00F02F4C /* SGPageContentView.m in Sources */,
				18347EAB1EA8556900F02F4C /* DefaultVCTwo.m in Sources */,
				18347EC81EA8557000F02F4C /* ChildVCTwo.m in Sources */,
				18347EC51EA8557000F02F4C /* ChildVCSeven.m in Sources */,
				185A91AD1E9F57E700846BC0 /* NavigationBarTitleView.m in Sources */,
				185A919B1E9F4B1600846BC0 /* SGHelperTool.m in Sources */,
				18347EC41EA8557000F02F4C /* ChildVCOne.m in Sources */,
				18347ECB1EA8557A00F02F4C /* ViewController.m in Sources */,
				18E5B1AD1E9E1D9400E28DE1 /* UIView+SGFrame.m in Sources */,
				18E5B16C1E9E14E600E28DE1 /* AppDelegate.m in Sources */,
				18347EC31EA8557000F02F4C /* ChildVCNine.m in Sources */,
				18347EC21EA8557000F02F4C /* ChildVCFour.m in Sources */,
				18E5B1691E9E14E600E28DE1 /* main.m in Sources */,
			);
			runOnlyForDeploymentPostprocessing = 0;
		};
		18E5B1791E9E14E600E28DE1 /* Sources */ = {
			isa = PBXSourcesBuildPhase;
			buildActionMask = 2147483647;
			files = (
				18E5B1821E9E14E600E28DE1 /* SGPageViewExampleTests.m in Sources */,
			);
			runOnlyForDeploymentPostprocessing = 0;
		};
		18E5B1841E9E14E600E28DE1 /* Sources */ = {
			isa = PBXSourcesBuildPhase;
			buildActionMask = 2147483647;
			files = (
				18E5B18D1E9E14E600E28DE1 /* SGPageViewExampleUITests.m in Sources */,
			);
			runOnlyForDeploymentPostprocessing = 0;
		};
/* End PBXSourcesBuildPhase section */

/* Begin PBXTargetDependency section */
		18E5B17F1E9E14E600E28DE1 /* PBXTargetDependency */ = {
			isa = PBXTargetDependency;
			target = 18E5B1631E9E14E600E28DE1 /* SGPageViewExample */;
			targetProxy = 18E5B17E1E9E14E600E28DE1 /* PBXContainerItemProxy */;
		};
		18E5B18A1E9E14E600E28DE1 /* PBXTargetDependency */ = {
			isa = PBXTargetDependency;
			target = 18E5B1631E9E14E600E28DE1 /* SGPageViewExample */;
			targetProxy = 18E5B1891E9E14E600E28DE1 /* PBXContainerItemProxy */;
		};
/* End PBXTargetDependency section */

/* Begin PBXVariantGroup section */
		18E5B1701E9E14E600E28DE1 /* Main.storyboard */ = {
			isa = PBXVariantGroup;
			children = (
				18E5B1711E9E14E600E28DE1 /* Base */,
			);
			name = Main.storyboard;
			sourceTree = "<group>";
		};
		18E5B1751E9E14E600E28DE1 /* LaunchScreen.storyboard */ = {
			isa = PBXVariantGroup;
			children = (
				18E5B1761E9E14E600E28DE1 /* Base */,
			);
			name = LaunchScreen.storyboard;
			sourceTree = "<group>";
		};
/* End PBXVariantGroup section */

/* Begin XCBuildConfiguration section */
		18E5B18F1E9E14E600E28DE1 /* Debug */ = {
			isa = XCBuildConfiguration;
			buildSettings = {
				ALWAYS_SEARCH_USER_PATHS = NO;
				CLANG_ANALYZER_NONNULL = YES;
				CLANG_CXX_LANGUAGE_STANDARD = "gnu++0x";
				CLANG_CXX_LIBRARY = "libc++";
				CLANG_ENABLE_MODULES = YES;
				CLANG_ENABLE_OBJC_ARC = YES;
				CLANG_WARN_BOOL_CONVERSION = YES;
				CLANG_WARN_CONSTANT_CONVERSION = YES;
				CLANG_WARN_DIRECT_OBJC_ISA_USAGE = YES_ERROR;
				CLANG_WARN_DOCUMENTATION_COMMENTS = YES;
				CLANG_WARN_EMPTY_BODY = YES;
				CLANG_WARN_ENUM_CONVERSION = YES;
				CLANG_WARN_INFINITE_RECURSION = YES;
				CLANG_WARN_INT_CONVERSION = YES;
				CLANG_WARN_OBJC_ROOT_CLASS = YES_ERROR;
				CLANG_WARN_SUSPICIOUS_MOVE = YES;
				CLANG_WARN_UNREACHABLE_CODE = YES;
				CLANG_WARN__DUPLICATE_METHOD_MATCH = YES;
				"CODE_SIGN_IDENTITY[sdk=iphoneos*]" = "iPhone Developer";
				COPY_PHASE_STRIP = NO;
				DEBUG_INFORMATION_FORMAT = dwarf;
				ENABLE_STRICT_OBJC_MSGSEND = YES;
				ENABLE_TESTABILITY = YES;
				GCC_C_LANGUAGE_STANDARD = gnu99;
				GCC_DYNAMIC_NO_PIC = NO;
				GCC_NO_COMMON_BLOCKS = YES;
				GCC_OPTIMIZATION_LEVEL = 0;
				GCC_PREPROCESSOR_DEFINITIONS = (
					"DEBUG=1",
					"$(inherited)",
				);
				GCC_WARN_64_TO_32_BIT_CONVERSION = YES;
				GCC_WARN_ABOUT_RETURN_TYPE = YES_ERROR;
				GCC_WARN_UNDECLARED_SELECTOR = YES;
				GCC_WARN_UNINITIALIZED_AUTOS = YES_AGGRESSIVE;
				GCC_WARN_UNUSED_FUNCTION = YES;
				GCC_WARN_UNUSED_VARIABLE = YES;
				IPHONEOS_DEPLOYMENT_TARGET = 10.2;
				MTL_ENABLE_DEBUG_INFO = YES;
				ONLY_ACTIVE_ARCH = YES;
				SDKROOT = iphoneos;
			};
			name = Debug;
		};
		18E5B1901E9E14E600E28DE1 /* Release */ = {
			isa = XCBuildConfiguration;
			buildSettings = {
				ALWAYS_SEARCH_USER_PATHS = NO;
				CLANG_ANALYZER_NONNULL = YES;
				CLANG_CXX_LANGUAGE_STANDARD = "gnu++0x";
				CLANG_CXX_LIBRARY = "libc++";
				CLANG_ENABLE_MODULES = YES;
				CLANG_ENABLE_OBJC_ARC = YES;
				CLANG_WARN_BOOL_CONVERSION = YES;
				CLANG_WARN_CONSTANT_CONVERSION = YES;
				CLANG_WARN_DIRECT_OBJC_ISA_USAGE = YES_ERROR;
				CLANG_WARN_DOCUMENTATION_COMMENTS = YES;
				CLANG_WARN_EMPTY_BODY = YES;
				CLANG_WARN_ENUM_CONVERSION = YES;
				CLANG_WARN_INFINITE_RECURSION = YES;
				CLANG_WARN_INT_CONVERSION = YES;
				CLANG_WARN_OBJC_ROOT_CLASS = YES_ERROR;
				CLANG_WARN_SUSPICIOUS_MOVE = YES;
				CLANG_WARN_UNREACHABLE_CODE = YES;
				CLANG_WARN__DUPLICATE_METHOD_MATCH = YES;
				"CODE_SIGN_IDENTITY[sdk=iphoneos*]" = "iPhone Developer";
				COPY_PHASE_STRIP = NO;
				DEBUG_INFORMATION_FORMAT = "dwarf-with-dsym";
				ENABLE_NS_ASSERTIONS = NO;
				ENABLE_STRICT_OBJC_MSGSEND = YES;
				GCC_C_LANGUAGE_STANDARD = gnu99;
				GCC_NO_COMMON_BLOCKS = YES;
				GCC_WARN_64_TO_32_BIT_CONVERSION = YES;
				GCC_WARN_ABOUT_RETURN_TYPE = YES_ERROR;
				GCC_WARN_UNDECLARED_SELECTOR = YES;
				GCC_WARN_UNINITIALIZED_AUTOS = YES_AGGRESSIVE;
				GCC_WARN_UNUSED_FUNCTION = YES;
				GCC_WARN_UNUSED_VARIABLE = YES;
				IPHONEOS_DEPLOYMENT_TARGET = 10.2;
				MTL_ENABLE_DEBUG_INFO = NO;
				SDKROOT = iphoneos;
				VALIDATE_PRODUCT = YES;
			};
			name = Release;
		};
		18E5B1921E9E14E600E28DE1 /* Debug */ = {
			isa = XCBuildConfiguration;
			buildSettings = {
				ASSETCATALOG_COMPILER_APPICON_NAME = AppIcon;
				INFOPLIST_FILE = SGPageViewExample/Info.plist;
				LD_RUNPATH_SEARCH_PATHS = "$(inherited) @executable_path/Frameworks";
				PRODUCT_BUNDLE_IDENTIFIER = Sorgle.SGPageViewExample;
				PRODUCT_NAME = "$(TARGET_NAME)";
			};
			name = Debug;
		};
		18E5B1931E9E14E600E28DE1 /* Release */ = {
			isa = XCBuildConfiguration;
			buildSettings = {
				ASSETCATALOG_COMPILER_APPICON_NAME = AppIcon;
				INFOPLIST_FILE = SGPageViewExample/Info.plist;
				LD_RUNPATH_SEARCH_PATHS = "$(inherited) @executable_path/Frameworks";
				PRODUCT_BUNDLE_IDENTIFIER = Sorgle.SGPageViewExample;
				PRODUCT_NAME = "$(TARGET_NAME)";
			};
			name = Release;
		};
		18E5B1951E9E14E600E28DE1 /* Debug */ = {
			isa = XCBuildConfiguration;
			buildSettings = {
				BUNDLE_LOADER = "$(TEST_HOST)";
				INFOPLIST_FILE = SGPageViewExampleTests/Info.plist;
				LD_RUNPATH_SEARCH_PATHS = "$(inherited) @executable_path/Frameworks @loader_path/Frameworks";
				PRODUCT_BUNDLE_IDENTIFIER = Sorgle.SGPageViewExampleTests;
				PRODUCT_NAME = "$(TARGET_NAME)";
				TEST_HOST = "$(BUILT_PRODUCTS_DIR)/SGPageViewExample.app/SGPageViewExample";
			};
			name = Debug;
		};
		18E5B1961E9E14E600E28DE1 /* Release */ = {
			isa = XCBuildConfiguration;
			buildSettings = {
				BUNDLE_LOADER = "$(TEST_HOST)";
				INFOPLIST_FILE = SGPageViewExampleTests/Info.plist;
				LD_RUNPATH_SEARCH_PATHS = "$(inherited) @executable_path/Frameworks @loader_path/Frameworks";
				PRODUCT_BUNDLE_IDENTIFIER = Sorgle.SGPageViewExampleTests;
				PRODUCT_NAME = "$(TARGET_NAME)";
				TEST_HOST = "$(BUILT_PRODUCTS_DIR)/SGPageViewExample.app/SGPageViewExample";
			};
			name = Release;
		};
		18E5B1981E9E14E600E28DE1 /* Debug */ = {
			isa = XCBuildConfiguration;
			buildSettings = {
				INFOPLIST_FILE = SGPageViewExampleUITests/Info.plist;
				LD_RUNPATH_SEARCH_PATHS = "$(inherited) @executable_path/Frameworks @loader_path/Frameworks";
				PRODUCT_BUNDLE_IDENTIFIER = Sorgle.SGPageViewExampleUITests;
				PRODUCT_NAME = "$(TARGET_NAME)";
				TEST_TARGET_NAME = SGPageViewExample;
			};
			name = Debug;
		};
		18E5B1991E9E14E600E28DE1 /* Release */ = {
			isa = XCBuildConfiguration;
			buildSettings = {
				INFOPLIST_FILE = SGPageViewExampleUITests/Info.plist;
				LD_RUNPATH_SEARCH_PATHS = "$(inherited) @executable_path/Frameworks @loader_path/Frameworks";
				PRODUCT_BUNDLE_IDENTIFIER = Sorgle.SGPageViewExampleUITests;
				PRODUCT_NAME = "$(TARGET_NAME)";
				TEST_TARGET_NAME = SGPageViewExample;
			};
			name = Release;
		};
/* End XCBuildConfiguration section */

/* Begin XCConfigurationList section */
		18E5B15F1E9E14E600E28DE1 /* Build configuration list for PBXProject "SGPageViewExample" */ = {
			isa = XCConfigurationList;
			buildConfigurations = (
				18E5B18F1E9E14E600E28DE1 /* Debug */,
				18E5B1901E9E14E600E28DE1 /* Release */,
			);
			defaultConfigurationIsVisible = 0;
			defaultConfigurationName = Release;
		};
		18E5B1911E9E14E600E28DE1 /* Build configuration list for PBXNativeTarget "SGPageViewExample" */ = {
			isa = XCConfigurationList;
			buildConfigurations = (
				18E5B1921E9E14E600E28DE1 /* Debug */,
				18E5B1931E9E14E600E28DE1 /* Release */,
			);
			defaultConfigurationIsVisible = 0;
			defaultConfigurationName = Release;
		};
		18E5B1941E9E14E600E28DE1 /* Build configuration list for PBXNativeTarget "SGPageViewExampleTests" */ = {
			isa = XCConfigurationList;
			buildConfigurations = (
				18E5B1951E9E14E600E28DE1 /* Debug */,
				18E5B1961E9E14E600E28DE1 /* Release */,
			);
			defaultConfigurationIsVisible = 0;
			defaultConfigurationName = Release;
		};
		18E5B1971E9E14E600E28DE1 /* Build configuration list for PBXNativeTarget "SGPageViewExampleUITests" */ = {
			isa = XCConfigurationList;
			buildConfigurations = (
				18E5B1981E9E14E600E28DE1 /* Debug */,
				18E5B1991E9E14E600E28DE1 /* Release */,
			);
			defaultConfigurationIsVisible = 0;
			defaultConfigurationName = Release;
		};
/* End XCConfigurationList section */
	};
	rootObject = 18E5B15C1E9E14E600E28DE1 /* Project object */;
}
