// !$*UTF8*$!
{
	archiveVersion = 1;
	classes = {
	};
	objectVersion = 46;
	objects = {

/* Begin PBXBuildFile section */
		18A5DF6E1DD328CE00FAC54F /* main.m in Sources */ = {isa = PBXBuildFile; fileRef = 18A5DF6D1DD328CE00FAC54F /* main.m */; };
		18A5DF711DD328CE00FAC54F /* AppDelegate.m in Sources */ = {isa = PBXBuildFile; fileRef = 18A5DF701DD328CE00FAC54F /* AppDelegate.m */; };
		18A5DF741DD328CE00FAC54F /* ViewController.m in Sources */ = {isa = PBXBuildFile; fileRef = 18A5DF731DD328CE00FAC54F /* ViewController.m */; };
		18A5DF771DD328CE00FAC54F /* Main.storyboard in Resources */ = {isa = PBXBuildFile; fileRef = 18A5DF751DD328CE00FAC54F /* Main.storyboard */; };
		18A5DF791DD328CE00FAC54F /* Assets.xcassets in Resources */ = {isa = PBXBuildFile; fileRef = 18A5DF781DD328CE00FAC54F /* Assets.xcassets */; };
		18A5DF7C1DD328CE00FAC54F /* LaunchScreen.storyboard in Resources */ = {isa = PBXBuildFile; fileRef = 18A5DF7A1DD328CE00FAC54F /* LaunchScreen.storyboard */; };
		18A5DF871DD328CE00FAC54F /* SGSegmentedControlExampleTests.m in Sources */ = {isa = PBXBuildFile; fileRef = 18A5DF861DD328CE00FAC54F /* SGSegmentedControlExampleTests.m */; };
		18A5DF921DD328CE00FAC54F /* SGSegmentedControlExampleUITests.m in Sources */ = {isa = PBXBuildFile; fileRef = 18A5DF911DD328CE00FAC54F /* SGSegmentedControlExampleUITests.m */; };
		18A5DFA91DD32B6D00FAC54F /* SGSegmentedControlStatic.m in Sources */ = {isa = PBXBuildFile; fileRef = 18A5DFA81DD32B6D00FAC54F /* SGSegmentedControlStatic.m */; };
		18A5DFAC1DD32B7E00FAC54F /* SGSegmentedControlDefault.m in Sources */ = {isa = PBXBuildFile; fileRef = 18A5DFAB1DD32B7E00FAC54F /* SGSegmentedControlDefault.m */; };
		18A5DFAF1DD32B9F00FAC54F /* SGSegmentedControlBottomView.m in Sources */ = {isa = PBXBuildFile; fileRef = 18A5DFAE1DD32B9F00FAC54F /* SGSegmentedControlBottomView.m */; };
		18A5DFC51DD32C7D00FAC54F /* TestEightVC.m in Sources */ = {isa = PBXBuildFile; fileRef = 18A5DFB41DD32C7D00FAC54F /* TestEightVC.m */; };
		18A5DFC61DD32C7D00FAC54F /* TestFiveVC.m in Sources */ = {isa = PBXBuildFile; fileRef = 18A5DFB61DD32C7D00FAC54F /* TestFiveVC.m */; };
		18A5DFC71DD32C7D00FAC54F /* TestFourVC.m in Sources */ = {isa = PBXBuildFile; fileRef = 18A5DFB81DD32C7D00FAC54F /* TestFourVC.m */; };
		18A5DFC81DD32C7D00FAC54F /* TestNineVC.m in Sources */ = {isa = PBXBuildFile; fileRef = 18A5DFBA1DD32C7D00FAC54F /* TestNineVC.m */; };
		18A5DFC91DD32C7D00FAC54F /* TestOneVC.m in Sources */ = {isa = PBXBuildFile; fileRef = 18A5DFBC1DD32C7D00FAC54F /* TestOneVC.m */; };
		18A5DFCA1DD32C7D00FAC54F /* TestSevenVC.m in Sources */ = {isa = PBXBuildFile; fileRef = 18A5DFBE1DD32C7D00FAC54F /* TestSevenVC.m */; };
		18A5DFCB1DD32C7D00FAC54F /* TestSixVC.m in Sources */ = {isa = PBXBuildFile; fileRef = 18A5DFC01DD32C7D00FAC54F /* TestSixVC.m */; };
		18A5DFCC1DD32C7D00FAC54F /* TestThreeVC.m in Sources */ = {isa = PBXBuildFile; fileRef = 18A5DFC21DD32C7D00FAC54F /* TestThreeVC.m */; };
		18A5DFCD1DD32C7D00FAC54F /* TestTwoVC.m in Sources */ = {isa = PBXBuildFile; fileRef = 18A5DFC41DD32C7D00FAC54F /* TestTwoVC.m */; };
		18A5DFD01DD32CF600FAC54F /* StyleOneVC.m in Sources */ = {isa = PBXBuildFile; fileRef = 18A5DFCF1DD32CF600FAC54F /* StyleOneVC.m */; };
		18A5DFD31DD33DA400FAC54F /* UIView+SGExtension.m in Sources */ = {isa = PBXBuildFile; fileRef = 18A5DFD21DD33DA400FAC54F /* UIView+SGExtension.m */; };
		18A5DFD61DD33EC300FAC54F /* StyleTwoVC.m in Sources */ = {isa = PBXBuildFile; fileRef = 18A5DFD51DD33EC300FAC54F /* StyleTwoVC.m */; };
		18A5DFD91DD34AB600FAC54F /* StyleThreeVC.m in Sources */ = {isa = PBXBuildFile; fileRef = 18A5DFD81DD34AB600FAC54F /* StyleThreeVC.m */; };
		18A5DFDC1DD34AD700FAC54F /* StyleFourVC.m in Sources */ = {isa = PBXBuildFile; fileRef = 18A5DFDB1DD34AD700FAC54F /* StyleFourVC.m */; };
		18A5DFDF1DD34AED00FAC54F /* StyleFiveVC.m in Sources */ = {isa = PBXBuildFile; fileRef = 18A5DFDE1DD34AED00FAC54F /* StyleFiveVC.m */; };
		18A5DFE21DD34B0700FAC54F /* StyleSixVC.m in Sources */ = {isa = PBXBuildFile; fileRef = 18A5DFE11DD34B0700FAC54F /* StyleSixVC.m */; };
		18A5DFE51DD34B1B00FAC54F /* StyleSevenVC.m in Sources */ = {isa = PBXBuildFile; fileRef = 18A5DFE41DD34B1B00FAC54F /* StyleSevenVC.m */; };
		18A5DFE81DD34B3400FAC54F /* StyleEightVC.m in Sources */ = {isa = PBXBuildFile; fileRef = 18A5DFE71DD34B3400FAC54F /* StyleEightVC.m */; };
		18A5DFEB1DD34B4700FAC54F /* StyleNineVC.m in Sources */ = {isa = PBXBuildFile; fileRef = 18A5DFEA1DD34B4700FAC54F /* StyleNineVC.m */; };
		18A5DFEE1DD419AF00FAC54F /* SGImageButton.m in Sources */ = {isa = PBXBuildFile; fileRef = 18A5DFED1DD419AF00FAC54F /* SGImageButton.m */; };
		18E629FD1DDE932B00454A12 /* SGNavigationItemTitleView.m in Sources */ = {isa = PBXBuildFile; fileRef = 18E629FC1DDE932B00454A12 /* SGNavigationItemTitleView.m */; };
		18E62A001DDE936300454A12 /* StyleLastVC.m in Sources */ = {isa = PBXBuildFile; fileRef = 18E629FF1DDE936300454A12 /* StyleLastVC.m */; };
/* End PBXBuildFile section */

/* Begin PBXContainerItemProxy section */
		18A5DF831DD328CE00FAC54F /* PBXContainerItemProxy */ = {
			isa = PBXContainerItemProxy;
			containerPortal = 18A5DF611DD328CE00FAC54F /* Project object */;
			proxyType = 1;
			remoteGlobalIDString = 18A5DF681DD328CE00FAC54F;
			remoteInfo = SGSegmentedControlExample;
		};
		18A5DF8E1DD328CE00FAC54F /* PBXContainerItemProxy */ = {
			isa = PBXContainerItemProxy;
			containerPortal = 18A5DF611DD328CE00FAC54F /* Project object */;
			proxyType = 1;
			remoteGlobalIDString = 18A5DF681DD328CE00FAC54F;
			remoteInfo = SGSegmentedControlExample;
		};
/* End PBXContainerItemProxy section */

/* Begin PBXFileReference section */
		18A5DF691DD328CE00FAC54F /* SGSegmentedControlExample.app */ = {isa = PBXFileReference; explicitFileType = wrapper.application; includeInIndex = 0; path = SGSegmentedControlExample.app; sourceTree = BUILT_PRODUCTS_DIR; };
		18A5DF6D1DD328CE00FAC54F /* main.m */ = {isa = PBXFileReference; lastKnownFileType = sourcecode.c.objc; path = main.m; sourceTree = "<group>"; };
		18A5DF6F1DD328CE00FAC54F /* AppDelegate.h */ = {isa = PBXFileReference; lastKnownFileType = sourcecode.c.h; path = AppDelegate.h; sourceTree = "<group>"; };
		18A5DF701DD328CE00FAC54F /* AppDelegate.m */ = {isa = PBXFileReference; lastKnownFileType = sourcecode.c.objc; path = AppDelegate.m; sourceTree = "<group>"; };
		18A5DF721DD328CE00FAC54F /* ViewController.h */ = {isa = PBXFileReference; lastKnownFileType = sourcecode.c.h; path = ViewController.h; sourceTree = "<group>"; };
		18A5DF731DD328CE00FAC54F /* ViewController.m */ = {isa = PBXFileReference; lastKnownFileType = sourcecode.c.objc; path = ViewController.m; sourceTree = "<group>"; };
		18A5DF761DD328CE00FAC54F /* Base */ = {isa = PBXFileReference; lastKnownFileType = file.storyboard; name = Base; path = Base.lproj/Main.storyboard; sourceTree = "<group>"; };
		18A5DF781DD328CE00FAC54F /* Assets.xcassets */ = {isa = PBXFileReference; lastKnownFileType = folder.assetcatalog; path = Assets.xcassets; sourceTree = "<group>"; };
		18A5DF7B1DD328CE00FAC54F /* Base */ = {isa = PBXFileReference; lastKnownFileType = file.storyboard; name = Base; path = Base.lproj/LaunchScreen.storyboard; sourceTree = "<group>"; };
		18A5DF7D1DD328CE00FAC54F /* Info.plist */ = {isa = PBXFileReference; lastKnownFileType = text.plist.xml; path = Info.plist; sourceTree = "<group>"; };
		18A5DF821DD328CE00FAC54F /* SGSegmentedControlExampleTests.xctest */ = {isa = PBXFileReference; explicitFileType = wrapper.cfbundle; includeInIndex = 0; path = SGSegmentedControlExampleTests.xctest; sourceTree = BUILT_PRODUCTS_DIR; };
		18A5DF861DD328CE00FAC54F /* SGSegmentedControlExampleTests.m */ = {isa = PBXFileReference; lastKnownFileType = sourcecode.c.objc; path = SGSegmentedControlExampleTests.m; sourceTree = "<group>"; };
		18A5DF881DD328CE00FAC54F /* Info.plist */ = {isa = PBXFileReference; lastKnownFileType = text.plist.xml; path = Info.plist; sourceTree = "<group>"; };
		18A5DF8D1DD328CE00FAC54F /* SGSegmentedControlExampleUITests.xctest */ = {isa = PBXFileReference; explicitFileType = wrapper.cfbundle; includeInIndex = 0; path = SGSegmentedControlExampleUITests.xctest; sourceTree = BUILT_PRODUCTS_DIR; };
		18A5DF911DD328CE00FAC54F /* SGSegmentedControlExampleUITests.m */ = {isa = PBXFileReference; lastKnownFileType = sourcecode.c.objc; path = SGSegmentedControlExampleUITests.m; sourceTree = "<group>"; };
		18A5DF931DD328CE00FAC54F /* Info.plist */ = {isa = PBXFileReference; lastKnownFileType = text.plist.xml; path = Info.plist; sourceTree = "<group>"; };
		18A5DFA41DD32B4000FAC54F /* SGSegmentedControl.h */ = {isa = PBXFileReference; fileEncoding = 4; lastKnownFileType = sourcecode.c.h; path = SGSegmentedControl.h; sourceTree = "<group>"; };
		18A5DFA71DD32B6D00FAC54F /* SGSegmentedControlStatic.h */ = {isa = PBXFileReference; fileEncoding = 4; lastKnownFileType = sourcecode.c.h; path = SGSegmentedControlStatic.h; sourceTree = "<group>"; };
		18A5DFA81DD32B6D00FAC54F /* SGSegmentedControlStatic.m */ = {isa = PBXFileReference; fileEncoding = 4; lastKnownFileType = sourcecode.c.objc; path = SGSegmentedControlStatic.m; sourceTree = "<group>"; };
		18A5DFAA1DD32B7E00FAC54F /* SGSegmentedControlDefault.h */ = {isa = PBXFileReference; fileEncoding = 4; lastKnownFileType = sourcecode.c.h; path = SGSegmentedControlDefault.h; sourceTree = "<group>"; };
		18A5DFAB1DD32B7E00FAC54F /* SGSegmentedControlDefault.m */ = {isa = PBXFileReference; fileEncoding = 4; lastKnownFileType = sourcecode.c.objc; path = SGSegmentedControlDefault.m; sourceTree = "<group>"; };
		18A5DFAD1DD32B9F00FAC54F /* SGSegmentedControlBottomView.h */ = {isa = PBXFileReference; fileEncoding = 4; lastKnownFileType = sourcecode.c.h; path = SGSegmentedControlBottomView.h; sourceTree = "<group>"; };
		18A5DFAE1DD32B9F00FAC54F /* SGSegmentedControlBottomView.m */ = {isa = PBXFileReference; fileEncoding = 4; lastKnownFileType = sourcecode.c.objc; path = SGSegmentedControlBottomView.m; sourceTree = "<group>"; };
		18A5DFB31DD32C7D00FAC54F /* TestEightVC.h */ = {isa = PBXFileReference; fileEncoding = 4; lastKnownFileType = sourcecode.c.h; path = TestEightVC.h; sourceTree = "<group>"; };
		18A5DFB41DD32C7D00FAC54F /* TestEightVC.m */ = {isa = PBXFileReference; fileEncoding = 4; lastKnownFileType = sourcecode.c.objc; path = TestEightVC.m; sourceTree = "<group>"; };
		18A5DFB51DD32C7D00FAC54F /* TestFiveVC.h */ = {isa = PBXFileReference; fileEncoding = 4; lastKnownFileType = sourcecode.c.h; path = TestFiveVC.h; sourceTree = "<group>"; };
		18A5DFB61DD32C7D00FAC54F /* TestFiveVC.m */ = {isa = PBXFileReference; fileEncoding = 4; lastKnownFileType = sourcecode.c.objc; path = TestFiveVC.m; sourceTree = "<group>"; };
		18A5DFB71DD32C7D00FAC54F /* TestFourVC.h */ = {isa = PBXFileReference; fileEncoding = 4; lastKnownFileType = sourcecode.c.h; path = TestFourVC.h; sourceTree = "<group>"; };
		18A5DFB81DD32C7D00FAC54F /* TestFourVC.m */ = {isa = PBXFileReference; fileEncoding = 4; lastKnownFileType = sourcecode.c.objc; path = TestFourVC.m; sourceTree = "<group>"; };
		18A5DFB91DD32C7D00FAC54F /* TestNineVC.h */ = {isa = PBXFileReference; fileEncoding = 4; lastKnownFileType = sourcecode.c.h; path = TestNineVC.h; sourceTree = "<group>"; };
		18A5DFBA1DD32C7D00FAC54F /* TestNineVC.m */ = {isa = PBXFileReference; fileEncoding = 4; lastKnownFileType = sourcecode.c.objc; path = TestNineVC.m; sourceTree = "<group>"; };
		18A5DFBB1DD32C7D00FAC54F /* TestOneVC.h */ = {isa = PBXFileReference; fileEncoding = 4; lastKnownFileType = sourcecode.c.h; path = TestOneVC.h; sourceTree = "<group>"; };
		18A5DFBC1DD32C7D00FAC54F /* TestOneVC.m */ = {isa = PBXFileReference; fileEncoding = 4; lastKnownFileType = sourcecode.c.objc; path = TestOneVC.m; sourceTree = "<group>"; };
		18A5DFBD1DD32C7D00FAC54F /* TestSevenVC.h */ = {isa = PBXFileReference; fileEncoding = 4; lastKnownFileType = sourcecode.c.h; path = TestSevenVC.h; sourceTree = "<group>"; };
		18A5DFBE1DD32C7D00FAC54F /* TestSevenVC.m */ = {isa = PBXFileReference; fileEncoding = 4; lastKnownFileType = sourcecode.c.objc; path = TestSevenVC.m; sourceTree = "<group>"; };
		18A5DFBF1DD32C7D00FAC54F /* TestSixVC.h */ = {isa = PBXFileReference; fileEncoding = 4; lastKnownFileType = sourcecode.c.h; path = TestSixVC.h; sourceTree = "<group>"; };
		18A5DFC01DD32C7D00FAC54F /* TestSixVC.m */ = {isa = PBXFileReference; fileEncoding = 4; lastKnownFileType = sourcecode.c.objc; path = TestSixVC.m; sourceTree = "<group>"; };
		18A5DFC11DD32C7D00FAC54F /* TestThreeVC.h */ = {isa = PBXFileReference; fileEncoding = 4; lastKnownFileType = sourcecode.c.h; path = TestThreeVC.h; sourceTree = "<group>"; };
		18A5DFC21DD32C7D00FAC54F /* TestThreeVC.m */ = {isa = PBXFileReference; fileEncoding = 4; lastKnownFileType = sourcecode.c.objc; path = TestThreeVC.m; sourceTree = "<group>"; };
		18A5DFC31DD32C7D00FAC54F /* TestTwoVC.h */ = {isa = PBXFileReference; fileEncoding = 4; lastKnownFileType = sourcecode.c.h; path = TestTwoVC.h; sourceTree = "<group>"; };
		18A5DFC41DD32C7D00FAC54F /* TestTwoVC.m */ = {isa = PBXFileReference; fileEncoding = 4; lastKnownFileType = sourcecode.c.objc; path = TestTwoVC.m; sourceTree = "<group>"; };
		18A5DFCE1DD32CF600FAC54F /* StyleOneVC.h */ = {isa = PBXFileReference; fileEncoding = 4; lastKnownFileType = sourcecode.c.h; path = StyleOneVC.h; sourceTree = "<group>"; };
		18A5DFCF1DD32CF600FAC54F /* StyleOneVC.m */ = {isa = PBXFileReference; fileEncoding = 4; lastKnownFileType = sourcecode.c.objc; path = StyleOneVC.m; sourceTree = "<group>"; };
		18A5DFD11DD33DA400FAC54F /* UIView+SGExtension.h */ = {isa = PBXFileReference; fileEncoding = 4; lastKnownFileType = sourcecode.c.h; path = "UIView+SGExtension.h"; sourceTree = "<group>"; };
		18A5DFD21DD33DA400FAC54F /* UIView+SGExtension.m */ = {isa = PBXFileReference; fileEncoding = 4; lastKnownFileType = sourcecode.c.objc; path = "UIView+SGExtension.m"; sourceTree = "<group>"; };
		18A5DFD41DD33EC300FAC54F /* StyleTwoVC.h */ = {isa = PBXFileReference; fileEncoding = 4; lastKnownFileType = sourcecode.c.h; path = StyleTwoVC.h; sourceTree = "<group>"; };
		18A5DFD51DD33EC300FAC54F /* StyleTwoVC.m */ = {isa = PBXFileReference; fileEncoding = 4; lastKnownFileType = sourcecode.c.objc; path = StyleTwoVC.m; sourceTree = "<group>"; };
		18A5DFD71DD34AB600FAC54F /* StyleThreeVC.h */ = {isa = PBXFileReference; fileEncoding = 4; lastKnownFileType = sourcecode.c.h; path = StyleThreeVC.h; sourceTree = "<group>"; };
		18A5DFD81DD34AB600FAC54F /* StyleThreeVC.m */ = {isa = PBXFileReference; fileEncoding = 4; lastKnownFileType = sourcecode.c.objc; path = StyleThreeVC.m; sourceTree = "<group>"; };
		18A5DFDA1DD34AD700FAC54F /* StyleFourVC.h */ = {isa = PBXFileReference; fileEncoding = 4; lastKnownFileType = sourcecode.c.h; path = StyleFourVC.h; sourceTree = "<group>"; };
		18A5DFDB1DD34AD700FAC54F /* StyleFourVC.m */ = {isa = PBXFileReference; fileEncoding = 4; lastKnownFileType = sourcecode.c.objc; path = StyleFourVC.m; sourceTree = "<group>"; };
		18A5DFDD1DD34AED00FAC54F /* StyleFiveVC.h */ = {isa = PBXFileReference; fileEncoding = 4; lastKnownFileType = sourcecode.c.h; path = StyleFiveVC.h; sourceTree = "<group>"; };
		18A5DFDE1DD34AED00FAC54F /* StyleFiveVC.m */ = {isa = PBXFileReference; fileEncoding = 4; lastKnownFileType = sourcecode.c.objc; path = StyleFiveVC.m; sourceTree = "<group>"; };
		18A5DFE01DD34B0700FAC54F /* StyleSixVC.h */ = {isa = PBXFileReference; fileEncoding = 4; lastKnownFileType = sourcecode.c.h; path = StyleSixVC.h; sourceTree = "<group>"; };
		18A5DFE11DD34B0700FAC54F /* StyleSixVC.m */ = {isa = PBXFileReference; fileEncoding = 4; lastKnownFileType = sourcecode.c.objc; path = StyleSixVC.m; sourceTree = "<group>"; };
		18A5DFE31DD34B1B00FAC54F /* StyleSevenVC.h */ = {isa = PBXFileReference; fileEncoding = 4; lastKnownFileType = sourcecode.c.h; path = StyleSevenVC.h; sourceTree = "<group>"; };
		18A5DFE41DD34B1B00FAC54F /* StyleSevenVC.m */ = {isa = PBXFileReference; fileEncoding = 4; lastKnownFileType = sourcecode.c.objc; path = StyleSevenVC.m; sourceTree = "<group>"; };
		18A5DFE61DD34B3400FAC54F /* StyleEightVC.h */ = {isa = PBXFileReference; fileEncoding = 4; lastKnownFileType = sourcecode.c.h; path = StyleEightVC.h; sourceTree = "<group>"; };
		18A5DFE71DD34B3400FAC54F /* StyleEightVC.m */ = {isa = PBXFileReference; fileEncoding = 4; lastKnownFileType = sourcecode.c.objc; path = StyleEightVC.m; sourceTree = "<group>"; };
		18A5DFE91DD34B4700FAC54F /* StyleNineVC.h */ = {isa = PBXFileReference; fileEncoding = 4; lastKnownFileType = sourcecode.c.h; path = StyleNineVC.h; sourceTree = "<group>"; };
		18A5DFEA1DD34B4700FAC54F /* StyleNineVC.m */ = {isa = PBXFileReference; fileEncoding = 4; lastKnownFileType = sourcecode.c.objc; path = StyleNineVC.m; sourceTree = "<group>"; };
		18A5DFEC1DD419AF00FAC54F /* SGImageButton.h */ = {isa = PBXFileReference; fileEncoding = 4; lastKnownFileType = sourcecode.c.h; path = SGImageButton.h; sourceTree = "<group>"; };
		18A5DFED1DD419AF00FAC54F /* SGImageButton.m */ = {isa = PBXFileReference; fileEncoding = 4; lastKnownFileType = sourcecode.c.objc; path = SGImageButton.m; sourceTree = "<group>"; };
		18E629FB1DDE932B00454A12 /* SGNavigationItemTitleView.h */ = {isa = PBXFileReference; fileEncoding = 4; lastKnownFileType = sourcecode.c.h; path = SGNavigationItemTitleView.h; sourceTree = "<group>"; };
		18E629FC1DDE932B00454A12 /* SGNavigationItemTitleView.m */ = {isa = PBXFileReference; fileEncoding = 4; lastKnownFileType = sourcecode.c.objc; path = SGNavigationItemTitleView.m; sourceTree = "<group>"; };
		18E629FE1DDE936300454A12 /* StyleLastVC.h */ = {isa = PBXFileReference; fileEncoding = 4; lastKnownFileType = sourcecode.c.h; path = StyleLastVC.h; sourceTree = "<group>"; };
		18E629FF1DDE936300454A12 /* StyleLastVC.m */ = {isa = PBXFileReference; fileEncoding = 4; lastKnownFileType = sourcecode.c.objc; path = StyleLastVC.m; sourceTree = "<group>"; };
/* End PBXFileReference section */

/* Begin PBXFrameworksBuildPhase section */
		18A5DF661DD328CE00FAC54F /* Frameworks */ = {
			isa = PBXFrameworksBuildPhase;
			buildActionMask = 2147483647;
			files = (
			);
			runOnlyForDeploymentPostprocessing = 0;
		};
		18A5DF7F1DD328CE00FAC54F /* Frameworks */ = {
			isa = PBXFrameworksBuildPhase;
			buildActionMask = 2147483647;
			files = (
			);
			runOnlyForDeploymentPostprocessing = 0;
		};
		18A5DF8A1DD328CE00FAC54F /* Frameworks */ = {
			isa = PBXFrameworksBuildPhase;
			buildActionMask = 2147483647;
			files = (
			);
			runOnlyForDeploymentPostprocessing = 0;
		};
/* End PBXFrameworksBuildPhase section */

/* Begin PBXGroup section */
		18A5DF601DD328CE00FAC54F = {
			isa = PBXGroup;
			children = (
				18A5DFA01DD3294A00FAC54F /* SGSegmentedControl */,
				18A5DF6B1DD328CE00FAC54F /* SGSegmentedControlExample */,
				18A5DF851DD328CE00FAC54F /* SGSegmentedControlExampleTests */,
				18A5DF901DD328CE00FAC54F /* SGSegmentedControlExampleUITests */,
				18A5DF6A1DD328CE00FAC54F /* Products */,
			);
			sourceTree = "<group>";
		};
		18A5DF6A1DD328CE00FAC54F /* Products */ = {
			isa = PBXGroup;
			children = (
				18A5DF691DD328CE00FAC54F /* SGSegmentedControlExample.app */,
				18A5DF821DD328CE00FAC54F /* SGSegmentedControlExampleTests.xctest */,
				18A5DF8D1DD328CE00FAC54F /* SGSegmentedControlExampleUITests.xctest */,
			);
			name = Products;
			sourceTree = "<group>";
		};
		18A5DF6B1DD328CE00FAC54F /* SGSegmentedControlExample */ = {
			isa = PBXGroup;
			children = (
				18A5DFA11DD3298600FAC54F /* Example */,
				18A5DF6F1DD328CE00FAC54F /* AppDelegate.h */,
				18A5DF701DD328CE00FAC54F /* AppDelegate.m */,
				18A5DF721DD328CE00FAC54F /* ViewController.h */,
				18A5DF731DD328CE00FAC54F /* ViewController.m */,
				18A5DF751DD328CE00FAC54F /* Main.storyboard */,
				18A5DF781DD328CE00FAC54F /* Assets.xcassets */,
				18A5DF7A1DD328CE00FAC54F /* LaunchScreen.storyboard */,
				18A5DF7D1DD328CE00FAC54F /* Info.plist */,
				18A5DF6C1DD328CE00FAC54F /* Supporting Files */,
			);
			path = SGSegmentedControlExample;
			sourceTree = "<group>";
		};
		18A5DF6C1DD328CE00FAC54F /* Supporting Files */ = {
			isa = PBXGroup;
			children = (
				18A5DF6D1DD328CE00FAC54F /* main.m */,
			);
			name = "Supporting Files";
			sourceTree = "<group>";
		};
		18A5DF851DD328CE00FAC54F /* SGSegmentedControlExampleTests */ = {
			isa = PBXGroup;
			children = (
				18A5DF861DD328CE00FAC54F /* SGSegmentedControlExampleTests.m */,
				18A5DF881DD328CE00FAC54F /* Info.plist */,
			);
			path = SGSegmentedControlExampleTests;
			sourceTree = "<group>";
		};
		18A5DF901DD328CE00FAC54F /* SGSegmentedControlExampleUITests */ = {
			isa = PBXGroup;
			children = (
				18A5DF911DD328CE00FAC54F /* SGSegmentedControlExampleUITests.m */,
				18A5DF931DD328CE00FAC54F /* Info.plist */,
			);
			path = SGSegmentedControlExampleUITests;
			sourceTree = "<group>";
		};
		18A5DFA01DD3294A00FAC54F /* SGSegmentedControl */ = {
			isa = PBXGroup;
			children = (
				18A5DFA41DD32B4000FAC54F /* SGSegmentedControl.h */,
				18A5DFA71DD32B6D00FAC54F /* SGSegmentedControlStatic.h */,
				18A5DFA81DD32B6D00FAC54F /* SGSegmentedControlStatic.m */,
				18A5DFAA1DD32B7E00FAC54F /* SGSegmentedControlDefault.h */,
				18A5DFAB1DD32B7E00FAC54F /* SGSegmentedControlDefault.m */,
				18A5DFAD1DD32B9F00FAC54F /* SGSegmentedControlBottomView.h */,
				18A5DFAE1DD32B9F00FAC54F /* SGSegmentedControlBottomView.m */,
				18A5DFEC1DD419AF00FAC54F /* SGImageButton.h */,
				18A5DFED1DD419AF00FAC54F /* SGImageButton.m */,
				18E629FB1DDE932B00454A12 /* SGNavigationItemTitleView.h */,
				18E629FC1DDE932B00454A12 /* SGNavigationItemTitleView.m */,
				18A5DFD11DD33DA400FAC54F /* UIView+SGExtension.h */,
				18A5DFD21DD33DA400FAC54F /* UIView+SGExtension.m */,
			);
			path = SGSegmentedControl;
			sourceTree = "<group>";
		};
		18A5DFA11DD3298600FAC54F /* Example */ = {
			isa = PBXGroup;
			children = (
				18A5DFA21DD3299600FAC54F /* MainViewController */,
				18A5DFA31DD329A500FAC54F /* ChildViewController */,
			);
			path = Example;
			sourceTree = "<group>";
		};
		18A5DFA21DD3299600FAC54F /* MainViewController */ = {
			isa = PBXGroup;
			children = (
				18A5DFCE1DD32CF600FAC54F /* StyleOneVC.h */,
				18A5DFCF1DD32CF600FAC54F /* StyleOneVC.m */,
				18A5DFD41DD33EC300FAC54F /* StyleTwoVC.h */,
				18A5DFD51DD33EC300FAC54F /* StyleTwoVC.m */,
				18A5DFD71DD34AB600FAC54F /* StyleThreeVC.h */,
				18A5DFD81DD34AB600FAC54F /* StyleThreeVC.m */,
				18A5DFDA1DD34AD700FAC54F /* StyleFourVC.h */,
				18A5DFDB1DD34AD700FAC54F /* StyleFourVC.m */,
				18A5DFDD1DD34AED00FAC54F /* StyleFiveVC.h */,
				18A5DFDE1DD34AED00FAC54F /* StyleFiveVC.m */,
				18A5DFE01DD34B0700FAC54F /* StyleSixVC.h */,
				18A5DFE11DD34B0700FAC54F /* StyleSixVC.m */,
				18A5DFE31DD34B1B00FAC54F /* StyleSevenVC.h */,
				18A5DFE41DD34B1B00FAC54F /* StyleSevenVC.m */,
				18A5DFE61DD34B3400FAC54F /* StyleEightVC.h */,
				18A5DFE71DD34B3400FAC54F /* StyleEightVC.m */,
				18A5DFE91DD34B4700FAC54F /* StyleNineVC.h */,
				18A5DFEA1DD34B4700FAC54F /* StyleNineVC.m */,
				18E629FE1DDE936300454A12 /* StyleLastVC.h */,
				18E629FF1DDE936300454A12 /* StyleLastVC.m */,
			);
			path = MainViewController;
			sourceTree = "<group>";
		};
		18A5DFA31DD329A500FAC54F /* ChildViewController */ = {
			isa = PBXGroup;
			children = (
				18A5DFBB1DD32C7D00FAC54F /* TestOneVC.h */,
				18A5DFBC1DD32C7D00FAC54F /* TestOneVC.m */,
				18A5DFC31DD32C7D00FAC54F /* TestTwoVC.h */,
				18A5DFC41DD32C7D00FAC54F /* TestTwoVC.m */,
				18A5DFC11DD32C7D00FAC54F /* TestThreeVC.h */,
				18A5DFC21DD32C7D00FAC54F /* TestThreeVC.m */,
				18A5DFB71DD32C7D00FAC54F /* TestFourVC.h */,
				18A5DFB81DD32C7D00FAC54F /* TestFourVC.m */,
				18A5DFB51DD32C7D00FAC54F /* TestFiveVC.h */,
				18A5DFB61DD32C7D00FAC54F /* TestFiveVC.m */,
				18A5DFBF1DD32C7D00FAC54F /* TestSixVC.h */,
				18A5DFC01DD32C7D00FAC54F /* TestSixVC.m */,
				18A5DFBD1DD32C7D00FAC54F /* TestSevenVC.h */,
				18A5DFBE1DD32C7D00FAC54F /* TestSevenVC.m */,
				18A5DFB31DD32C7D00FAC54F /* TestEightVC.h */,
				18A5DFB41DD32C7D00FAC54F /* TestEightVC.m */,
				18A5DFB91DD32C7D00FAC54F /* TestNineVC.h */,
				18A5DFBA1DD32C7D00FAC54F /* TestNineVC.m */,
			);
			path = ChildViewController;
			sourceTree = "<group>";
		};
/* End PBXGroup section */

/* Begin PBXNativeTarget section */
		18A5DF681DD328CE00FAC54F /* SGSegmentedControlExample */ = {
			isa = PBXNativeTarget;
			buildConfigurationList = 18A5DF961DD328CE00FAC54F /* Build configuration list for PBXNativeTarget "SGSegmentedControlExample" */;
			buildPhases = (
				18A5DF651DD328CE00FAC54F /* Sources */,
				18A5DF661DD328CE00FAC54F /* Frameworks */,
				18A5DF671DD328CE00FAC54F /* Resources */,
			);
			buildRules = (
			);
			dependencies = (
			);
			name = SGSegmentedControlExample;
			productName = SGSegmentedControlExample;
			productReference = 18A5DF691DD328CE00FAC54F /* SGSegmentedControlExample.app */;
			productType = "com.apple.product-type.application";
		};
		18A5DF811DD328CE00FAC54F /* SGSegmentedControlExampleTests */ = {
			isa = PBXNativeTarget;
			buildConfigurationList = 18A5DF991DD328CE00FAC54F /* Build configuration list for PBXNativeTarget "SGSegmentedControlExampleTests" */;
			buildPhases = (
				18A5DF7E1DD328CE00FAC54F /* Sources */,
				18A5DF7F1DD328CE00FAC54F /* Frameworks */,
				18A5DF801DD328CE00FAC54F /* Resources */,
			);
			buildRules = (
			);
			dependencies = (
				18A5DF841DD328CE00FAC54F /* PBXTargetDependency */,
			);
			name = SGSegmentedControlExampleTests;
			productName = SGSegmentedControlExampleTests;
			productReference = 18A5DF821DD328CE00FAC54F /* SGSegmentedControlExampleTests.xctest */;
			productType = "com.apple.product-type.bundle.unit-test";
		};
		18A5DF8C1DD328CE00FAC54F /* SGSegmentedControlExampleUITests */ = {
			isa = PBXNativeTarget;
			buildConfigurationList = 18A5DF9C1DD328CE00FAC54F /* Build configuration list for PBXNativeTarget "SGSegmentedControlExampleUITests" */;
			buildPhases = (
				18A5DF891DD328CE00FAC54F /* Sources */,
				18A5DF8A1DD328CE00FAC54F /* Frameworks */,
				18A5DF8B1DD328CE00FAC54F /* Resources */,
			);
			buildRules = (
			);
			dependencies = (
				18A5DF8F1DD328CE00FAC54F /* PBXTargetDependency */,
			);
			name = SGSegmentedControlExampleUITests;
			productName = SGSegmentedControlExampleUITests;
			productReference = 18A5DF8D1DD328CE00FAC54F /* SGSegmentedControlExampleUITests.xctest */;
			productType = "com.apple.product-type.bundle.ui-testing";
		};
/* End PBXNativeTarget section */

/* Begin PBXProject section */
		18A5DF611DD328CE00FAC54F /* Project object */ = {
			isa = PBXProject;
			attributes = {
				LastUpgradeCheck = 0810;
				ORGANIZATIONNAME = Sorgle;
				TargetAttributes = {
					18A5DF681DD328CE00FAC54F = {
						CreatedOnToolsVersion = 8.1;
						ProvisioningStyle = Automatic;
					};
					18A5DF811DD328CE00FAC54F = {
						CreatedOnToolsVersion = 8.1;
						ProvisioningStyle = Automatic;
						TestTargetID = 18A5DF681DD328CE00FAC54F;
					};
					18A5DF8C1DD328CE00FAC54F = {
						CreatedOnToolsVersion = 8.1;
						ProvisioningStyle = Automatic;
						TestTargetID = 18A5DF681DD328CE00FAC54F;
					};
				};
			};
			buildConfigurationList = 18A5DF641DD328CE00FAC54F /* Build configuration list for PBXProject "SGSegmentedControlExample" */;
			compatibilityVersion = "Xcode 3.2";
			developmentRegion = English;
			hasScannedForEncodings = 0;
			knownRegions = (
				en,
				Base,
			);
			mainGroup = 18A5DF601DD328CE00FAC54F;
			productRefGroup = 18A5DF6A1DD328CE00FAC54F /* Products */;
			projectDirPath = "";
			projectRoot = "";
			targets = (
				18A5DF681DD328CE00FAC54F /* SGSegmentedControlExample */,
				18A5DF811DD328CE00FAC54F /* SGSegmentedControlExampleTests */,
				18A5DF8C1DD328CE00FAC54F /* SGSegmentedControlExampleUITests */,
			);
		};
/* End PBXProject section */

/* Begin PBXResourcesBuildPhase section */
		18A5DF671DD328CE00FAC54F /* Resources */ = {
			isa = PBXResourcesBuildPhase;
			buildActionMask = 2147483647;
			files = (
				18A5DF7C1DD328CE00FAC54F /* LaunchScreen.storyboard in Resources */,
				18A5DF791DD328CE00FAC54F /* Assets.xcassets in Resources */,
				18A5DF771DD328CE00FAC54F /* Main.storyboard in Resources */,
			);
			runOnlyForDeploymentPostprocessing = 0;
		};
		18A5DF801DD328CE00FAC54F /* Resources */ = {
			isa = PBXResourcesBuildPhase;
			buildActionMask = 2147483647;
			files = (
			);
			runOnlyForDeploymentPostprocessing = 0;
		};
		18A5DF8B1DD328CE00FAC54F /* Resources */ = {
			isa = PBXResourcesBuildPhase;
			buildActionMask = 2147483647;
			files = (
			);
			runOnlyForDeploymentPostprocessing = 0;
		};
/* End PBXResourcesBuildPhase section */

/* Begin PBXSourcesBuildPhase section */
		18A5DF651DD328CE00FAC54F /* Sources */ = {
			isa = PBXSourcesBuildPhase;
			buildActionMask = 2147483647;
			files = (
				18A5DFAF1DD32B9F00FAC54F /* SGSegmentedControlBottomView.m in Sources */,
				18A5DFA91DD32B6D00FAC54F /* SGSegmentedControlStatic.m in Sources */,
				18E62A001DDE936300454A12 /* StyleLastVC.m in Sources */,
				18A5DFCA1DD32C7D00FAC54F /* TestSevenVC.m in Sources */,
				18A5DFD01DD32CF600FAC54F /* StyleOneVC.m in Sources */,
				18A5DFE81DD34B3400FAC54F /* StyleEightVC.m in Sources */,
				18A5DFC81DD32C7D00FAC54F /* TestNineVC.m in Sources */,
				18A5DFC61DD32C7D00FAC54F /* TestFiveVC.m in Sources */,
				18A5DFDC1DD34AD700FAC54F /* StyleFourVC.m in Sources */,
				18A5DFC71DD32C7D00FAC54F /* TestFourVC.m in Sources */,
				18A5DFAC1DD32B7E00FAC54F /* SGSegmentedControlDefault.m in Sources */,
				18A5DFE21DD34B0700FAC54F /* StyleSixVC.m in Sources */,
				18A5DFEE1DD419AF00FAC54F /* SGImageButton.m in Sources */,
				18A5DF741DD328CE00FAC54F /* ViewController.m in Sources */,
				18A5DFEB1DD34B4700FAC54F /* StyleNineVC.m in Sources */,
				18A5DFE51DD34B1B00FAC54F /* StyleSevenVC.m in Sources */,
				18A5DF711DD328CE00FAC54F /* AppDelegate.m in Sources */,
				18A5DFCC1DD32C7D00FAC54F /* TestThreeVC.m in Sources */,
				18E629FD1DDE932B00454A12 /* SGNavigationItemTitleView.m in Sources */,
				18A5DFC91DD32C7D00FAC54F /* TestOneVC.m in Sources */,
				18A5DFDF1DD34AED00FAC54F /* StyleFiveVC.m in Sources */,
				18A5DFCB1DD32C7D00FAC54F /* TestSixVC.m in Sources */,
				18A5DFD91DD34AB600FAC54F /* StyleThreeVC.m in Sources */,
				18A5DFD61DD33EC300FAC54F /* StyleTwoVC.m in Sources */,
				18A5DFD31DD33DA400FAC54F /* UIView+SGExtension.m in Sources */,
				18A5DF6E1DD328CE00FAC54F /* main.m in Sources */,
				18A5DFC51DD32C7D00FAC54F /* TestEightVC.m in Sources */,
				18A5DFCD1DD32C7D00FAC54F /* TestTwoVC.m in Sources */,
			);
			runOnlyForDeploymentPostprocessing = 0;
		};
		18A5DF7E1DD328CE00FAC54F /* Sources */ = {
			isa = PBXSourcesBuildPhase;
			buildActionMask = 2147483647;
			files = (
				18A5DF871DD328CE00FAC54F /* SGSegmentedControlExampleTests.m in Sources */,
			);
			runOnlyForDeploymentPostprocessing = 0;
		};
		18A5DF891DD328CE00FAC54F /* Sources */ = {
			isa = PBXSourcesBuildPhase;
			buildActionMask = 2147483647;
			files = (
				18A5DF921DD328CE00FAC54F /* SGSegmentedControlExampleUITests.m in Sources */,
			);
			runOnlyForDeploymentPostprocessing = 0;
		};
/* End PBXSourcesBuildPhase section */

/* Begin PBXTargetDependency section */
		18A5DF841DD328CE00FAC54F /* PBXTargetDependency */ = {
			isa = PBXTargetDependency;
			target = 18A5DF681DD328CE00FAC54F /* SGSegmentedControlExample */;
			targetProxy = 18A5DF831DD328CE00FAC54F /* PBXContainerItemProxy */;
		};
		18A5DF8F1DD328CE00FAC54F /* PBXTargetDependency */ = {
			isa = PBXTargetDependency;
			target = 18A5DF681DD328CE00FAC54F /* SGSegmentedControlExample */;
			targetProxy = 18A5DF8E1DD328CE00FAC54F /* PBXContainerItemProxy */;
		};
/* End PBXTargetDependency section */

/* Begin PBXVariantGroup section */
		18A5DF751DD328CE00FAC54F /* Main.storyboard */ = {
			isa = PBXVariantGroup;
			children = (
				18A5DF761DD328CE00FAC54F /* Base */,
			);
			name = Main.storyboard;
			sourceTree = "<group>";
		};
		18A5DF7A1DD328CE00FAC54F /* LaunchScreen.storyboard */ = {
			isa = PBXVariantGroup;
			children = (
				18A5DF7B1DD328CE00FAC54F /* Base */,
			);
			name = LaunchScreen.storyboard;
			sourceTree = "<group>";
		};
/* End PBXVariantGroup section */

/* Begin XCBuildConfiguration section */
		18A5DF941DD328CE00FAC54F /* Debug */ = {
			isa = XCBuildConfiguration;
			buildSettings = {
				ALWAYS_SEARCH_USER_PATHS = NO;
				CLANG_ANALYZER_NONNULL = YES;
				CLANG_CXX_LANGUAGE_STANDARD = "gnu++0x";
				CLANG_CXX_LIBRARY = "libc++";
				CLANG_ENABLE_MODULES = YES;
				CLANG_ENABLE_OBJC_ARC = YES;
				CLANG_WARN_BOOL_CONVERSION = YES;
				CLANG_WARN_CONSTANT_CONVERSION = YES;
				CLANG_WARN_DIRECT_OBJC_ISA_USAGE = YES_ERROR;
				CLANG_WARN_DOCUMENTATION_COMMENTS = YES;
				CLANG_WARN_EMPTY_BODY = YES;
				CLANG_WARN_ENUM_CONVERSION = YES;
				CLANG_WARN_INFINITE_RECURSION = YES;
				CLANG_WARN_INT_CONVERSION = YES;
				CLANG_WARN_OBJC_ROOT_CLASS = YES_ERROR;
				CLANG_WARN_SUSPICIOUS_MOVES = YES;
				CLANG_WARN_UNREACHABLE_CODE = YES;
				CLANG_WARN__DUPLICATE_METHOD_MATCH = YES;
				"CODE_SIGN_IDENTITY[sdk=iphoneos*]" = "iPhone Developer";
				COPY_PHASE_STRIP = NO;
				DEBUG_INFORMATION_FORMAT = dwarf;
				ENABLE_STRICT_OBJC_MSGSEND = YES;
				ENABLE_TESTABILITY = YES;
				GCC_C_LANGUAGE_STANDARD = gnu99;
				GCC_DYNAMIC_NO_PIC = NO;
				GCC_NO_COMMON_BLOCKS = YES;
				GCC_OPTIMIZATION_LEVEL = 0;
				GCC_PREPROCESSOR_DEFINITIONS = (
					"DEBUG=1",
					"$(inherited)",
				);
				GCC_WARN_64_TO_32_BIT_CONVERSION = YES;
				GCC_WARN_ABOUT_RETURN_TYPE = YES_ERROR;
				GCC_WARN_UNDECLARED_SELECTOR = YES;
				GCC_WARN_UNINITIALIZED_AUTOS = YES_AGGRESSIVE;
				GCC_WARN_UNUSED_FUNCTION = YES;
				GCC_WARN_UNUSED_VARIABLE = YES;
				IPHONEOS_DEPLOYMENT_TARGET = 10.1;
				MTL_ENABLE_DEBUG_INFO = YES;
				ONLY_ACTIVE_ARCH = YES;
				SDKROOT = iphoneos;
			};
			name = Debug;
		};
		18A5DF951DD328CE00FAC54F /* Release */ = {
			isa = XCBuildConfiguration;
			buildSettings = {
				ALWAYS_SEARCH_USER_PATHS = NO;
				CLANG_ANALYZER_NONNULL = YES;
				CLANG_CXX_LANGUAGE_STANDARD = "gnu++0x";
				CLANG_CXX_LIBRARY = "libc++";
				CLANG_ENABLE_MODULES = YES;
				CLANG_ENABLE_OBJC_ARC = YES;
				CLANG_WARN_BOOL_CONVERSION = YES;
				CLANG_WARN_CONSTANT_CONVERSION = YES;
				CLANG_WARN_DIRECT_OBJC_ISA_USAGE = YES_ERROR;
				CLANG_WARN_DOCUMENTATION_COMMENTS = YES;
				CLANG_WARN_EMPTY_BODY = YES;
				CLANG_WARN_ENUM_CONVERSION = YES;
				CLANG_WARN_INFINITE_RECURSION = YES;
				CLANG_WARN_INT_CONVERSION = YES;
				CLANG_WARN_OBJC_ROOT_CLASS = YES_ERROR;
				CLANG_WARN_SUSPICIOUS_MOVES = YES;
				CLANG_WARN_UNREACHABLE_CODE = YES;
				CLANG_WARN__DUPLICATE_METHOD_MATCH = YES;
				"CODE_SIGN_IDENTITY[sdk=iphoneos*]" = "iPhone Developer";
				COPY_PHASE_STRIP = NO;
				DEBUG_INFORMATION_FORMAT = "dwarf-with-dsym";
				ENABLE_NS_ASSERTIONS = NO;
				ENABLE_STRICT_OBJC_MSGSEND = YES;
				GCC_C_LANGUAGE_STANDARD = gnu99;
				GCC_NO_COMMON_BLOCKS = YES;
				GCC_WARN_64_TO_32_BIT_CONVERSION = YES;
				GCC_WARN_ABOUT_RETURN_TYPE = YES_ERROR;
				GCC_WARN_UNDECLARED_SELECTOR = YES;
				GCC_WARN_UNINITIALIZED_AUTOS = YES_AGGRESSIVE;
				GCC_WARN_UNUSED_FUNCTION = YES;
				GCC_WARN_UNUSED_VARIABLE = YES;
				IPHONEOS_DEPLOYMENT_TARGET = 10.1;
				MTL_ENABLE_DEBUG_INFO = NO;
				SDKROOT = iphoneos;
				VALIDATE_PRODUCT = YES;
			};
			name = Release;
		};
		18A5DF971DD328CE00FAC54F /* Debug */ = {
			isa = XCBuildConfiguration;
			buildSettings = {
				ASSETCATALOG_COMPILER_APPICON_NAME = AppIcon;
				INFOPLIST_FILE = SGSegmentedControlExample/Info.plist;
				LD_RUNPATH_SEARCH_PATHS = "$(inherited) @executable_path/Frameworks";
				PRODUCT_BUNDLE_IDENTIFIER = Sorgle.SGSegmentedControlExample;
				PRODUCT_NAME = "$(TARGET_NAME)";
			};
			name = Debug;
		};
		18A5DF981DD328CE00FAC54F /* Release */ = {
			isa = XCBuildConfiguration;
			buildSettings = {
				ASSETCATALOG_COMPILER_APPICON_NAME = AppIcon;
				INFOPLIST_FILE = SGSegmentedControlExample/Info.plist;
				LD_RUNPATH_SEARCH_PATHS = "$(inherited) @executable_path/Frameworks";
				PRODUCT_BUNDLE_IDENTIFIER = Sorgle.SGSegmentedControlExample;
				PRODUCT_NAME = "$(TARGET_NAME)";
			};
			name = Release;
		};
		18A5DF9A1DD328CE00FAC54F /* Debug */ = {
			isa = XCBuildConfiguration;
			buildSettings = {
				BUNDLE_LOADER = "$(TEST_HOST)";
				INFOPLIST_FILE = SGSegmentedControlExampleTests/Info.plist;
				LD_RUNPATH_SEARCH_PATHS = "$(inherited) @executable_path/Frameworks @loader_path/Frameworks";
				PRODUCT_BUNDLE_IDENTIFIER = Sorgle.SGSegmentedControlExampleTests;
				PRODUCT_NAME = "$(TARGET_NAME)";
				TEST_HOST = "$(BUILT_PRODUCTS_DIR)/SGSegmentedControlExample.app/SGSegmentedControlExample";
			};
			name = Debug;
		};
		18A5DF9B1DD328CE00FAC54F /* Release */ = {
			isa = XCBuildConfiguration;
			buildSettings = {
				BUNDLE_LOADER = "$(TEST_HOST)";
				INFOPLIST_FILE = SGSegmentedControlExampleTests/Info.plist;
				LD_RUNPATH_SEARCH_PATHS = "$(inherited) @executable_path/Frameworks @loader_path/Frameworks";
				PRODUCT_BUNDLE_IDENTIFIER = Sorgle.SGSegmentedControlExampleTests;
				PRODUCT_NAME = "$(TARGET_NAME)";
				TEST_HOST = "$(BUILT_PRODUCTS_DIR)/SGSegmentedControlExample.app/SGSegmentedControlExample";
			};
			name = Release;
		};
		18A5DF9D1DD328CE00FAC54F /* Debug */ = {
			isa = XCBuildConfiguration;
			buildSettings = {
				INFOPLIST_FILE = SGSegmentedControlExampleUITests/Info.plist;
				LD_RUNPATH_SEARCH_PATHS = "$(inherited) @executable_path/Frameworks @loader_path/Frameworks";
				PRODUCT_BUNDLE_IDENTIFIER = Sorgle.SGSegmentedControlExampleUITests;
				PRODUCT_NAME = "$(TARGET_NAME)";
				TEST_TARGET_NAME = SGSegmentedControlExample;
			};
			name = Debug;
		};
		18A5DF9E1DD328CE00FAC54F /* Release */ = {
			isa = XCBuildConfiguration;
			buildSettings = {
				INFOPLIST_FILE = SGSegmentedControlExampleUITests/Info.plist;
				LD_RUNPATH_SEARCH_PATHS = "$(inherited) @executable_path/Frameworks @loader_path/Frameworks";
				PRODUCT_BUNDLE_IDENTIFIER = Sorgle.SGSegmentedControlExampleUITests;
				PRODUCT_NAME = "$(TARGET_NAME)";
				TEST_TARGET_NAME = SGSegmentedControlExample;
			};
			name = Release;
		};
/* End XCBuildConfiguration section */

/* Begin XCConfigurationList section */
		18A5DF641DD328CE00FAC54F /* Build configuration list for PBXProject "SGSegmentedControlExample" */ = {
			isa = XCConfigurationList;
			buildConfigurations = (
				18A5DF941DD328CE00FAC54F /* Debug */,
				18A5DF951DD328CE00FAC54F /* Release */,
			);
			defaultConfigurationIsVisible = 0;
			defaultConfigurationName = Release;
		};
		18A5DF961DD328CE00FAC54F /* Build configuration list for PBXNativeTarget "SGSegmentedControlExample" */ = {
			isa = XCConfigurationList;
			buildConfigurations = (
				18A5DF971DD328CE00FAC54F /* Debug */,
				18A5DF981DD328CE00FAC54F /* Release */,
			);
			defaultConfigurationIsVisible = 0;
			defaultConfigurationName = Release;
		};
		18A5DF991DD328CE00FAC54F /* Build configuration list for PBXNativeTarget "SGSegmentedControlExampleTests" */ = {
			isa = XCConfigurationList;
			buildConfigurations = (
				18A5DF9A1DD328CE00FAC54F /* Debug */,
				18A5DF9B1DD328CE00FAC54F /* Release */,
			);
			defaultConfigurationIsVisible = 0;
			defaultConfigurationName = Release;
		};
		18A5DF9C1DD328CE00FAC54F /* Build configuration list for PBXNativeTarget "SGSegmentedControlExampleUITests" */ = {
			isa = XCConfigurationList;
			buildConfigurations = (
				18A5DF9D1DD328CE00FAC54F /* Debug */,
				18A5DF9E1DD328CE00FAC54F /* Release */,
			);
			defaultConfigurationIsVisible = 0;
			defaultConfigurationName = Release;
		};
/* End XCConfigurationList section */
	};
	rootObject = 18A5DF611DD328CE00FAC54F /* Project object */;
}
